
Microsoft Visual Studio Solution File, Format Version 12.00
# Visual Studio Version 16
VisualStudioVersion = 16.0.32126.315
MinimumVisualStudioVersion = 10.0.40219.1
Project("{9A19103F-16F7-4668-BE54-9A1E7A4F7556}") = "2750", "2750\2750.csproj", "{482C2D57-F102-4603-A88B-D197385B4FC3}"
EndProject
Project("{9A19103F-16F7-4668-BE54-9A1E7A4F7556}") = "1427", "1427\1427.csproj", "{9ADA503A-B3D1-456B-8B22-99366D47225D}"
EndProject
Project("{9A19103F-16F7-4668-BE54-9A1E7A4F7556}") = "10773", "10773\10773.csproj", "{52F755D9-EB1B-4ACA-9D93-4CB9282B17E0}"
EndProject
Project("{9A19103F-16F7-4668-BE54-9A1E7A4F7556}") = "OnlyForTest", "OnlyForTest\OnlyForTest.csproj", "{396DFA4E-6002-419C-912C-3F2524AB49BD}"
EndProject
Project("{9A19103F-16F7-4668-BE54-9A1E7A4F7556}") = "4673", "4673\4673.csproj", "{1D31D9D8-FFB7-4407-9FEB-C8DBD27A693F}"
EndProject
Project("{9A19103F-16F7-4668-BE54-9A1E7A4F7556}") = "GreedyEx_01", "GreedyEx_01\GreedyEx_01.csproj", "{AD97CDD7-A242-4EA3-90E0-9BD3D55BE2D0}"
EndProject
Project("{9A19103F-16F7-4668-BE54-9A1E7A4F7556}") = "GreedyEx_02", "GreedyEx_02\GreedyEx_02.csproj", "{4A453370-85FF-4A5B-A513-E26EE2B08293}"
EndProject
Project("{9A19103F-16F7-4668-BE54-9A1E7A4F7556}") = "GreedyEx_03", "GreedyEx_03\GreedyEx_03.csproj", "{D8FEC069-BF34-4265-824F-3728A9379168}"
EndProject
Project("{9A19103F-16F7-4668-BE54-9A1E7A4F7556}") = "11399", "11399\11399.csproj", "{0C24503F-AF9D-4D34-990F-21B44BC0FA3F}"
EndProject
Project("{9A19103F-16F7-4668-BE54-9A1E7A4F7556}") = "11047", "11047\11047.csproj", "{756E606D-BFD8-4F35-AD2C-7E2C293225ED}"
EndProject
Project("{9A19103F-16F7-4668-BE54-9A1E7A4F7556}") = "1931", "1931\1931.csproj", "{5986D435-CD78-494C-9DE3-A442E95B1892}"
EndProject
Project("{9A19103F-16F7-4668-BE54-9A1E7A4F7556}") = "1026", "1026\1026.csproj", "{BE925C85-D143-4F77-BBE0-83D8EF4AF47B}"
EndProject
Project("{9A19103F-16F7-4668-BE54-9A1E7A4F7556}") = "12094", "12094\12094.csproj", "{1CC9928D-4855-466B-B36B-BEC9D87AA363}"
EndProject
Project("{9A19103F-16F7-4668-BE54-9A1E7A4F7556}") = "ImplementationEx_01", "ImplemenationEx_01\ImplementationEx_01.csproj", "{D0EE5497-7995-48C4-A8BC-98BC6A5D4504}"
EndProject
Project("{9A19103F-16F7-4668-BE54-9A1E7A4F7556}") = "ImplementationEx_02", "ImplementationEx_02\ImplementationEx_02.csproj", "{A743715D-2A6B-41F4-A2E6-92B5B477088A}"
EndProject
Project("{9A19103F-16F7-4668-BE54-9A1E7A4F7556}") = "ImplementationEx_03", "ImplementationEx_03\ImplementationEx_03.csproj", "{2771B971-5505-4AD3-9842-EC57F4AE6BD8}"
EndProject
Project("{9A19103F-16F7-4668-BE54-9A1E7A4F7556}") = "ImplementationEx_04", "ImplementationEx_04\ImplementationEx_04.csproj", "{90EE6E01-0A1B-442A-8EA9-ED37F34860D3}"
EndProject
Project("{9A19103F-16F7-4668-BE54-9A1E7A4F7556}") = "DFSEx_01", "DFSEx_01\DFSEx_01.csproj", "{3124A9DF-73AB-4E2D-83E4-CAA69757AEE3}"
EndProject
Project("{FAE04EC0-301F-11D3-BF4B-00C04F79EFBC}") = "BFSEx_01", "BFSEx_01\BFSEx_01.csproj", "{E9623CE4-54DF-4C8E-B1F0-4A7E4A470306}"
EndProject
Project("{FAE04EC0-301F-11D3-BF4B-00C04F79EFBC}") = "GraphSearchEx_01", "GraphSearchEx_01\GraphSearchEx_01.csproj", "{FCF37423-163B-4225-A8B4-E78D80B64E89}"
EndProject
Global
	GlobalSection(SolutionConfigurationPlatforms) = preSolution
		Debug|Any CPU = Debug|Any CPU
		Release|Any CPU = Release|Any CPU
	EndGlobalSection
	GlobalSection(ProjectConfigurationPlatforms) = postSolution
		{482C2D57-F102-4603-A88B-D197385B4FC3}.Debug|Any CPU.ActiveCfg = Debug|Any CPU
		{482C2D57-F102-4603-A88B-D197385B4FC3}.Debug|Any CPU.Build.0 = Debug|Any CPU
		{482C2D57-F102-4603-A88B-D197385B4FC3}.Release|Any CPU.ActiveCfg = Release|Any CPU
		{482C2D57-F102-4603-A88B-D197385B4FC3}.Release|Any CPU.Build.0 = Release|Any CPU
		{9ADA503A-B3D1-456B-8B22-99366D47225D}.Debug|Any CPU.ActiveCfg = Debug|Any CPU
		{9ADA503A-B3D1-456B-8B22-99366D47225D}.Debug|Any CPU.Build.0 = Debug|Any CPU
		{9ADA503A-B3D1-456B-8B22-99366D47225D}.Release|Any CPU.ActiveCfg = Release|Any CPU
		{9ADA503A-B3D1-456B-8B22-99366D47225D}.Release|Any CPU.Build.0 = Release|Any CPU
		{52F755D9-EB1B-4ACA-9D93-4CB9282B17E0}.Debug|Any CPU.ActiveCfg = Debug|Any CPU
		{52F755D9-EB1B-4ACA-9D93-4CB9282B17E0}.Debug|Any CPU.Build.0 = Debug|Any CPU
		{52F755D9-EB1B-4ACA-9D93-4CB9282B17E0}.Release|Any CPU.ActiveCfg = Release|Any CPU
		{52F755D9-EB1B-4ACA-9D93-4CB9282B17E0}.Release|Any CPU.Build.0 = Release|Any CPU
		{396DFA4E-6002-419C-912C-3F2524AB49BD}.Debug|Any CPU.ActiveCfg = Debug|Any CPU
		{396DFA4E-6002-419C-912C-3F2524AB49BD}.Debug|Any CPU.Build.0 = Debug|Any CPU
		{396DFA4E-6002-419C-912C-3F2524AB49BD}.Release|Any CPU.ActiveCfg = Release|Any CPU
		{396DFA4E-6002-419C-912C-3F2524AB49BD}.Release|Any CPU.Build.0 = Release|Any CPU
		{1D31D9D8-FFB7-4407-9FEB-C8DBD27A693F}.Debug|Any CPU.ActiveCfg = Debug|Any CPU
		{1D31D9D8-FFB7-4407-9FEB-C8DBD27A693F}.Debug|Any CPU.Build.0 = Debug|Any CPU
		{1D31D9D8-FFB7-4407-9FEB-C8DBD27A693F}.Release|Any CPU.ActiveCfg = Release|Any CPU
		{1D31D9D8-FFB7-4407-9FEB-C8DBD27A693F}.Release|Any CPU.Build.0 = Release|Any CPU
		{AD97CDD7-A242-4EA3-90E0-9BD3D55BE2D0}.Debug|Any CPU.ActiveCfg = Debug|Any CPU
		{AD97CDD7-A242-4EA3-90E0-9BD3D55BE2D0}.Debug|Any CPU.Build.0 = Debug|Any CPU
		{AD97CDD7-A242-4EA3-90E0-9BD3D55BE2D0}.Release|Any CPU.ActiveCfg = Release|Any CPU
		{AD97CDD7-A242-4EA3-90E0-9BD3D55BE2D0}.Release|Any CPU.Build.0 = Release|Any CPU
		{4A453370-85FF-4A5B-A513-E26EE2B08293}.Debug|Any CPU.ActiveCfg = Debug|Any CPU
		{4A453370-85FF-4A5B-A513-E26EE2B08293}.Debug|Any CPU.Build.0 = Debug|Any CPU
		{4A453370-85FF-4A5B-A513-E26EE2B08293}.Release|Any CPU.ActiveCfg = Release|Any CPU
		{4A453370-85FF-4A5B-A513-E26EE2B08293}.Release|Any CPU.Build.0 = Release|Any CPU
		{D8FEC069-BF34-4265-824F-3728A9379168}.Debug|Any CPU.ActiveCfg = Debug|Any CPU
		{D8FEC069-BF34-4265-824F-3728A9379168}.Debug|Any CPU.Build.0 = Debug|Any CPU
		{D8FEC069-BF34-4265-824F-3728A9379168}.Release|Any CPU.ActiveCfg = Release|Any CPU
		{D8FEC069-BF34-4265-824F-3728A9379168}.Release|Any CPU.Build.0 = Release|Any CPU
		{0C24503F-AF9D-4D34-990F-21B44BC0FA3F}.Debug|Any CPU.ActiveCfg = Debug|Any CPU
		{0C24503F-AF9D-4D34-990F-21B44BC0FA3F}.Debug|Any CPU.Build.0 = Debug|Any CPU
		{0C24503F-AF9D-4D34-990F-21B44BC0FA3F}.Release|Any CPU.ActiveCfg = Release|Any CPU
		{0C24503F-AF9D-4D34-990F-21B44BC0FA3F}.Release|Any CPU.Build.0 = Release|Any CPU
		{756E606D-BFD8-4F35-AD2C-7E2C293225ED}.Debug|Any CPU.ActiveCfg = Debug|Any CPU
		{756E606D-BFD8-4F35-AD2C-7E2C293225ED}.Debug|Any CPU.Build.0 = Debug|Any CPU
		{756E606D-BFD8-4F35-AD2C-7E2C293225ED}.Release|Any CPU.ActiveCfg = Release|Any CPU
		{756E606D-BFD8-4F35-AD2C-7E2C293225ED}.Release|Any CPU.Build.0 = Release|Any CPU
		{5986D435-CD78-494C-9DE3-A442E95B1892}.Debug|Any CPU.ActiveCfg = Debug|Any CPU
		{5986D435-CD78-494C-9DE3-A442E95B1892}.Debug|Any CPU.Build.0 = Debug|Any CPU
		{5986D435-CD78-494C-9DE3-A442E95B1892}.Release|Any CPU.ActiveCfg = Release|Any CPU
		{5986D435-CD78-494C-9DE3-A442E95B1892}.Release|Any CPU.Build.0 = Release|Any CPU
		{BE925C85-D143-4F77-BBE0-83D8EF4AF47B}.Debug|Any CPU.ActiveCfg = Debug|Any CPU
		{BE925C85-D143-4F77-BBE0-83D8EF4AF47B}.Debug|Any CPU.Build.0 = Debug|Any CPU
		{BE925C85-D143-4F77-BBE0-83D8EF4AF47B}.Release|Any CPU.ActiveCfg = Release|Any CPU
		{BE925C85-D143-4F77-BBE0-83D8EF4AF47B}.Release|Any CPU.Build.0 = Release|Any CPU
		{1CC9928D-4855-466B-B36B-BEC9D87AA363}.Debug|Any CPU.ActiveCfg = Debug|Any CPU
		{1CC9928D-4855-466B-B36B-BEC9D87AA363}.Debug|Any CPU.Build.0 = Debug|Any CPU
		{1CC9928D-4855-466B-B36B-BEC9D87AA363}.Release|Any CPU.ActiveCfg = Release|Any CPU
		{1CC9928D-4855-466B-B36B-BEC9D87AA363}.Release|Any CPU.Build.0 = Release|Any CPU
		{D0EE5497-7995-48C4-A8BC-98BC6A5D4504}.Debug|Any CPU.ActiveCfg = Debug|Any CPU
		{D0EE5497-7995-48C4-A8BC-98BC6A5D4504}.Debug|Any CPU.Build.0 = Debug|Any CPU
		{D0EE5497-7995-48C4-A8BC-98BC6A5D4504}.Release|Any CPU.ActiveCfg = Release|Any CPU
		{D0EE5497-7995-48C4-A8BC-98BC6A5D4504}.Release|Any CPU.Build.0 = Release|Any CPU
		{A743715D-2A6B-41F4-A2E6-92B5B477088A}.Debug|Any CPU.ActiveCfg = Debug|Any CPU
		{A743715D-2A6B-41F4-A2E6-92B5B477088A}.Debug|Any CPU.Build.0 = Debug|Any CPU
		{A743715D-2A6B-41F4-A2E6-92B5B477088A}.Release|Any CPU.ActiveCfg = Release|Any CPU
		{A743715D-2A6B-41F4-A2E6-92B5B477088A}.Release|Any CPU.Build.0 = Release|Any CPU
		{2771B971-5505-4AD3-9842-EC57F4AE6BD8}.Debug|Any CPU.ActiveCfg = Debug|Any CPU
		{2771B971-5505-4AD3-9842-EC57F4AE6BD8}.Debug|Any CPU.Build.0 = Debug|Any CPU
		{2771B971-5505-4AD3-9842-EC57F4AE6BD8}.Release|Any CPU.ActiveCfg = Release|Any CPU
		{2771B971-5505-4AD3-9842-EC57F4AE6BD8}.Release|Any CPU.Build.0 = Release|Any CPU
		{90EE6E01-0A1B-442A-8EA9-ED37F34860D3}.Debug|Any CPU.ActiveCfg = Debug|Any CPU
		{90EE6E01-0A1B-442A-8EA9-ED37F34860D3}.Debug|Any CPU.Build.0 = Debug|Any CPU
		{90EE6E01-0A1B-442A-8EA9-ED37F34860D3}.Release|Any CPU.ActiveCfg = Release|Any CPU
		{90EE6E01-0A1B-442A-8EA9-ED37F34860D3}.Release|Any CPU.Build.0 = Release|Any CPU
		{3124A9DF-73AB-4E2D-83E4-CAA69757AEE3}.Debug|Any CPU.ActiveCfg = Debug|Any CPU
		{3124A9DF-73AB-4E2D-83E4-CAA69757AEE3}.Debug|Any CPU.Build.0 = Debug|Any CPU
		{3124A9DF-73AB-4E2D-83E4-CAA69757AEE3}.Release|Any CPU.ActiveCfg = Release|Any CPU
		{3124A9DF-73AB-4E2D-83E4-CAA69757AEE3}.Release|Any CPU.Build.0 = Release|Any CPU
		{E9623CE4-54DF-4C8E-B1F0-4A7E4A470306}.Debug|Any CPU.ActiveCfg = Debug|Any CPU
		{E9623CE4-54DF-4C8E-B1F0-4A7E4A470306}.Debug|Any CPU.Build.0 = Debug|Any CPU
		{E9623CE4-54DF-4C8E-B1F0-4A7E4A470306}.Release|Any CPU.ActiveCfg = Release|Any CPU
		{E9623CE4-54DF-4C8E-B1F0-4A7E4A470306}.Release|Any CPU.Build.0 = Release|Any CPU
		{FCF37423-163B-4225-A8B4-E78D80B64E89}.Debug|Any CPU.ActiveCfg = Debug|Any CPU
		{FCF37423-163B-4225-A8B4-E78D80B64E89}.Debug|Any CPU.Build.0 = Debug|Any CPU
		{FCF37423-163B-4225-A8B4-E78D80B64E89}.Release|Any CPU.ActiveCfg = Release|Any CPU
		{FCF37423-163B-4225-A8B4-E78D80B64E89}.Release|Any CPU.Build.0 = Release|Any CPU
	EndGlobalSection
	GlobalSection(SolutionProperties) = preSolution
		HideSolutionNode = FALSE
	EndGlobalSection
	GlobalSection(ExtensibilityGlobals) = postSolution
		SolutionGuid = {871DFFB3-BE65-47B4-B6B1-181C3E344CC3}
	EndGlobalSection
EndGlobal
