
Microsoft Visual Studio Solution File, Format Version 12.00
# Visual Studio Version 16
VisualStudioVersion = 16.0.32126.315
MinimumVisualStudioVersion = 10.0.40219.1
Project("{9A19103F-16F7-4668-BE54-9A1E7A4F7556}") = "2750", "2750\2750.csproj", "{482C2D57-F102-4603-A88B-D197385B4FC3}"
EndProject
Project("{9A19103F-16F7-4668-BE54-9A1E7A4F7556}") = "1427", "1427\1427.csproj", "{9ADA503A-B3D1-456B-8B22-99366D47225D}"
EndProject
Project("{9A19103F-16F7-4668-BE54-9A1E7A4F7556}") = "10773", "10773\10773.csproj", "{52F755D9-EB1B-4ACA-9D93-4CB9282B17E0}"
EndProject
Project("{9A19103F-16F7-4668-BE54-9A1E7A4F7556}") = "OnlyForTest", "OnlyForTest\OnlyForTest.csproj", "{396DFA4E-6002-419C-912C-3F2524AB49BD}"
EndProject
Project("{9A19103F-16F7-4668-BE54-9A1E7A4F7556}") = "4673", "4673\4673.csproj", "{1D31D9D8-FFB7-4407-9FEB-C8DBD27A693F}"
EndProject
Project("{9A19103F-16F7-4668-BE54-9A1E7A4F7556}") = "GreedyEx_01", "GreedyEx_01\GreedyEx_01.csproj", "{AD97CDD7-A242-4EA3-90E0-9BD3D55BE2D0}"
EndProject
Project("{9A19103F-16F7-4668-BE54-9A1E7A4F7556}") = "GreedyEx_02", "GreedyEx_02\GreedyEx_02.csproj", "{4A453370-85FF-4A5B-A513-E26EE2B08293}"
EndProject
Project("{9A19103F-16F7-4668-BE54-9A1E7A4F7556}") = "GreedyEx_03", "GreedyEx_03\GreedyEx_03.csproj", "{D8FEC069-BF34-4265-824F-3728A9379168}"
EndProject
Project("{9A19103F-16F7-4668-BE54-9A1E7A4F7556}") = "11399", "11399\11399.csproj", "{0C24503F-AF9D-4D34-990F-21B44BC0FA3F}"
EndProject
Project("{9A19103F-16F7-4668-BE54-9A1E7A4F7556}") = "11047", "11047\11047.csproj", "{756E606D-BFD8-4F35-AD2C-7E2C293225ED}"
EndProject
Project("{9A19103F-16F7-4668-BE54-9A1E7A4F7556}") = "1931", "1931\1931.csproj", "{5986D435-CD78-494C-9DE3-A442E95B1892}"
EndProject
Project("{9A19103F-16F7-4668-BE54-9A1E7A4F7556}") = "1026", "1026\1026.csproj", "{BE925C85-D143-4F77-BBE0-83D8EF4AF47B}"
EndProject
Project("{9A19103F-16F7-4668-BE54-9A1E7A4F7556}") = "12094", "12094\12094.csproj", "{1CC9928D-4855-466B-B36B-BEC9D87AA363}"
EndProject
Project("{9A19103F-16F7-4668-BE54-9A1E7A4F7556}") = "ImplementationEx_01", "ImplemenationEx_01\ImplementationEx_01.csproj", "{D0EE5497-7995-48C4-A8BC-98BC6A5D4504}"
EndProject
Project("{9A19103F-16F7-4668-BE54-9A1E7A4F7556}") = "ImplementationEx_02", "ImplementationEx_02\ImplementationEx_02.csproj", "{A743715D-2A6B-41F4-A2E6-92B5B477088A}"
EndProject
Project("{9A19103F-16F7-4668-BE54-9A1E7A4F7556}") = "ImplementationEx_03", "ImplementationEx_03\ImplementationEx_03.csproj", "{2771B971-5505-4AD3-9842-EC57F4AE6BD8}"
EndProject
Project("{9A19103F-16F7-4668-BE54-9A1E7A4F7556}") = "ImplementationEx_04", "ImplementationEx_04\ImplementationEx_04.csproj", "{90EE6E01-0A1B-442A-8EA9-ED37F34860D3}"
EndProject
Project("{9A19103F-16F7-4668-BE54-9A1E7A4F7556}") = "DFSEx_01", "DFSEx_01\DFSEx_01.csproj", "{3124A9DF-73AB-4E2D-83E4-CAA69757AEE3}"
EndProject
Project("{9A19103F-16F7-4668-BE54-9A1E7A4F7556}") = "BFSEx_01", "BFSEx_01\BFSEx_01.csproj", "{E9623CE4-54DF-4C8E-B1F0-4A7E4A470306}"
EndProject
Project("{9A19103F-16F7-4668-BE54-9A1E7A4F7556}") = "GraphSearchEx_01", "GraphSearchEx_01\GraphSearchEx_01.csproj", "{FCF37423-163B-4225-A8B4-E78D80B64E89}"
EndProject
Project("{9A19103F-16F7-4668-BE54-9A1E7A4F7556}") = "GraphSearchEx_02", "GraphSearchEx_02\GraphSearchEx_02.csproj", "{A12F17F0-9577-4783-BF99-3CAC66CE3A94}"
EndProject
Project("{9A19103F-16F7-4668-BE54-9A1E7A4F7556}") = "10845", "10845\10845.csproj", "{4C26931F-E8F9-4397-9175-42342E0FB7E7}"
EndProject
Project("{9A19103F-16F7-4668-BE54-9A1E7A4F7556}") = "10866", "10866\10866.csproj", "{BAAC5C43-1E97-42CA-8B88-4D814A87DA63}"
EndProject
Project("{9A19103F-16F7-4668-BE54-9A1E7A4F7556}") = "2178", "2178\2178.csproj", "{2B0228CA-3CB4-4107-B84C-56B0496A5932}"
EndProject
Project("{9A19103F-16F7-4668-BE54-9A1E7A4F7556}") = "SortingEx_01", "SortingEx_01\SortingEx_01.csproj", "{B8CA1D08-4AFB-499C-808E-535B40C1B73F}"
EndProject
Project("{9A19103F-16F7-4668-BE54-9A1E7A4F7556}") = "SortingEx_02", "SortingEx_02\SortingEx_02.csproj", "{7EC0F349-25B4-425B-87B9-8C050EC281FF}"
EndProject
Project("{9A19103F-16F7-4668-BE54-9A1E7A4F7556}") = "SortingEx_03", "SortingEx_03\SortingEx_03.csproj", "{06819030-4709-4377-8CFC-FA5A373099DB}"
EndProject
Project("{9A19103F-16F7-4668-BE54-9A1E7A4F7556}") = "SortingEx_04", "SortingEx_04\SortingEx_04.csproj", "{E1E65039-3529-4513-A62C-B13B378A140C}"
EndProject
Project("{9A19103F-16F7-4668-BE54-9A1E7A4F7556}") = "SortingEx_05", "SortingEx_05\SortingEx_05.csproj", "{A3AE567F-9A89-47D3-8630-6A2155DC5B45}"
EndProject
Project("{9A19103F-16F7-4668-BE54-9A1E7A4F7556}") = "BinarySearchEx_01", "BinarySearchEx_01\BinarySearchEx_01.csproj", "{1A223D69-8A03-47DE-A16D-84281ADAC432}"
EndProject
Project("{9A19103F-16F7-4668-BE54-9A1E7A4F7556}") = "BinarySearchEx_02", "BinarySearchEx_02\BinarySearchEx_02.csproj", "{2C598965-4DC4-4BFB-BF9B-3C4B9BA68E0D}"
EndProject
Project("{9A19103F-16F7-4668-BE54-9A1E7A4F7556}") = "BinarySearchEx_03", "BinarySearchEx_03\BinarySearchEx_03.csproj", "{C6E20774-25E8-42BC-B4FE-080C46D40341}"
EndProject
Project("{9A19103F-16F7-4668-BE54-9A1E7A4F7556}") = "DynamicProgrammingEx_01", "DynamicProgrammingEx_01\DynamicProgrammingEx_01.csproj", "{49000AD9-102A-43E2-B1CC-D80A914581EE}"
EndProject
Project("{9A19103F-16F7-4668-BE54-9A1E7A4F7556}") = "DynamicProgrammingEx_02", "DynamicProgrammingEx_02\DynamicProgrammingEx_02.csproj", "{E1C5D59B-069D-412A-869B-31AEED6389AD}"
EndProject
Project("{9A19103F-16F7-4668-BE54-9A1E7A4F7556}") = "DynamicProgrammingEx_03", "DynamicProgrammingEx_03\DynamicProgrammingEx_03.csproj", "{82C28669-18EE-419B-A754-ED9E977D8E3D}"
EndProject
Project("{9A19103F-16F7-4668-BE54-9A1E7A4F7556}") = "DynamicProgrammingEx_04", "DynamicProgrammingEx_04\DynamicProgrammingEx_04.csproj", "{D227FD8E-B288-4EBC-A0B9-27F0C168A92E}"
EndProject
Project("{9A19103F-16F7-4668-BE54-9A1E7A4F7556}") = "DynamicProgrammingEx_05", "DynamicProgrammingEx_05\DynamicProgrammingEx_05.csproj", "{AB04FFBD-DE34-461C-863C-60AF059A57D4}"
EndProject
Project("{9A19103F-16F7-4668-BE54-9A1E7A4F7556}") = "DynamicProgrammingEx_06", "DynamicProgrammingEx_06\DynamicProgrammingEx_06.csproj", "{CD9BD214-891F-4FBF-9147-3334E882AB3C}"
EndProject
Project("{9A19103F-16F7-4668-BE54-9A1E7A4F7556}") = "DynamicProgrammingEx_07", "DynamicProgrammingEx_07\DynamicProgrammingEx_07.csproj", "{916152CB-FC51-4902-A8D4-536C1756321C}"
EndProject
Project("{9A19103F-16F7-4668-BE54-9A1E7A4F7556}") = "DynamicProgrammingEx_08", "DynamicProgrammingEx_08\DynamicProgrammingEx_08.csproj", "{C21729F8-7EC1-4498-ABA8-7D64CF527AB2}"
EndProject
Project("{9A19103F-16F7-4668-BE54-9A1E7A4F7556}") = "GreedyEx_00", "GreedyEx_00\GreedyEx_00.csproj", "{4C3420DA-52EC-416B-9276-EA49237158B6}"
EndProject
Project("{9A19103F-16F7-4668-BE54-9A1E7A4F7556}") = "2667", "2667\2667.csproj", "{1F824D2E-88E9-45F9-BD7F-44EF2DD9E926}"
EndProject
Project("{9A19103F-16F7-4668-BE54-9A1E7A4F7556}") = "10814", "10814\10814.csproj", "{D04CB498-9029-4105-A620-05ED3B676514}"
EndProject
Project("{9A19103F-16F7-4668-BE54-9A1E7A4F7556}") = "2022", "2022\2022.csproj", "{8B00A456-750C-4594-98AC-144F7F69EB0C}"
EndProject
Project("{9A19103F-16F7-4668-BE54-9A1E7A4F7556}") = "1463", "1463\1463.csproj", "{43C4BE73-EAEF-460D-827D-58A3CCE7DF4C}"
EndProject
Project("{9A19103F-16F7-4668-BE54-9A1E7A4F7556}") = "11726", "11726\11726.csproj", "{F43BC232-34EE-40A4-8F78-D8932D5CD0E1}"
EndProject
Project("{9A19103F-16F7-4668-BE54-9A1E7A4F7556}") = "ShortestPathEx_01", "ShortestPathEx_01\ShortestPathEx_01.csproj", "{D48595AA-CA5C-40A6-A27C-71A74351E44E}"
EndProject
Project("{9A19103F-16F7-4668-BE54-9A1E7A4F7556}") = "ShortestPathEx_02", "ShortestPathEx_02\ShortestPathEx_02.csproj", "{8FE72FE0-8B25-4CEE-93F8-AD90ACB9BAB6}"
EndProject
Project("{9A19103F-16F7-4668-BE54-9A1E7A4F7556}") = "GraphTheoryEx_01", "GraphTheoryEx_01\GraphTheoryEx_01.csproj", "{F148E1B6-CD89-46F1-B844-82E34DF84849}"
EndProject
Project("{9A19103F-16F7-4668-BE54-9A1E7A4F7556}") = "10430", "10430\10430.csproj", "{341FDF71-2E41-473C-8C6E-DFCC39660DD2}"
EndProject
Project("{9A19103F-16F7-4668-BE54-9A1E7A4F7556}") = "4375", "4375\4375.csproj", "{2FABF61E-246C-4003-9DAA-07F48DA8010E}"
EndProject
Project("{9A19103F-16F7-4668-BE54-9A1E7A4F7556}") = "1037", "1037\1037.csproj", "{4D340CAA-8871-42B4-A95E-CF9379A1D7D5}"
EndProject
Project("{9A19103F-16F7-4668-BE54-9A1E7A4F7556}") = "17427", "17427\17427.csproj", "{24F3D5F5-C3A6-4F3D-A929-2E1BDE707874}"
EndProject
Project("{9A19103F-16F7-4668-BE54-9A1E7A4F7556}") = "17425", "17425\17425.csproj", "{CE37714B-4261-493B-91C7-845726DB2301}"
EndProject
Project("{9A19103F-16F7-4668-BE54-9A1E7A4F7556}") = "2609", "2609\2609.csproj", "{AABA8962-2A85-4D19-AF69-5DAA9757A067}"
EndProject
Project("{9A19103F-16F7-4668-BE54-9A1E7A4F7556}") = "1978", "1978\1978.csproj", "{0960447D-B7EB-48FA-8457-022911510E45}"
EndProject
Project("{9A19103F-16F7-4668-BE54-9A1E7A4F7556}") = "1929", "1929\1929.csproj", "{44B5FF51-24EA-4C93-A5EB-825D58E709FC}"
EndProject
Project("{9A19103F-16F7-4668-BE54-9A1E7A4F7556}") = "6588", "6588\6588.csproj", "{D1B372F6-66D7-4FE3-9410-3B8AD101849E}"
EndProject
Project("{9A19103F-16F7-4668-BE54-9A1E7A4F7556}") = "EratosthenesEx_01", "EratosthenesEx_01\EratosthenesEx_01.csproj", "{A426833A-BFF8-4747-AB47-9D51521B06D2}"
EndProject
Project("{9A19103F-16F7-4668-BE54-9A1E7A4F7556}") = "2309", "2309\2309.csproj", "{8B5F3BE9-08A8-4F81-9709-8EFEBBC1B2AD}"
EndProject
Project("{9A19103F-16F7-4668-BE54-9A1E7A4F7556}") = "3085", "3085\3085.csproj", "{4F54EFCA-AF09-4E4A-B36A-8E86B6760FAE}"
EndProject
Project("{9A19103F-16F7-4668-BE54-9A1E7A4F7556}") = "1476", "1476\1476.csproj", "{009A0444-C3A0-45B6-BE0B-FBBA45145B3A}"
EndProject
Project("{9A19103F-16F7-4668-BE54-9A1E7A4F7556}") = "1748", "1748\1748.csproj", "{9856557C-7614-4E9B-91E4-4B7705BE851D}"
EndProject
Project("{9A19103F-16F7-4668-BE54-9A1E7A4F7556}") = "9095", "9095\9095.csproj", "{311A7B97-53E9-452B-85AA-2EEF49A55BA5}"
EndProject
Project("{9A19103F-16F7-4668-BE54-9A1E7A4F7556}") = "6064", "6064\6064.csproj", "{2DAFFA3F-4AF9-4643-A563-F360B9ACBDC9}"
EndProject
Project("{9A19103F-16F7-4668-BE54-9A1E7A4F7556}") = "15649", "15649\15649.csproj", "{379F620A-3B79-40CD-81B0-3A8D21C01F29}"
EndProject
Project("{9A19103F-16F7-4668-BE54-9A1E7A4F7556}") = "15650", "15650\15650.csproj", "{1509276E-C26D-4F7B-BCF3-0FDF18853724}"
EndProject
Project("{9A19103F-16F7-4668-BE54-9A1E7A4F7556}") = "15651", "15651\15651.csproj", "{A33DDEAF-C46B-4E5D-826E-8DCF0127A253}"
EndProject
Project("{9A19103F-16F7-4668-BE54-9A1E7A4F7556}") = "BarkingDog_1", "BarkingDog_1\BarkingDog_1.csproj", "{668F98AA-1586-47D7-8841-383E3432CE97}"
EndProject
Project("{9A19103F-16F7-4668-BE54-9A1E7A4F7556}") = "10871", "10871\10871.csproj", "{E08DA49F-9654-4F61-AF3F-BE1CF46ACDDE}"
EndProject
Project("{9A19103F-16F7-4668-BE54-9A1E7A4F7556}") = "1000", "1000\1000.csproj", "{E5F294DE-B96E-4DC9-942F-3BA71F2BEC4D}"
EndProject
Project("{9A19103F-16F7-4668-BE54-9A1E7A4F7556}") = "2557", "2557\2557.csproj", "{155C4A19-34CA-4BB2-BF3F-FA342AB3CF1A}"
EndProject
Project("{9A19103F-16F7-4668-BE54-9A1E7A4F7556}") = "10171", "10171\10171.csproj", "{57882E6A-F744-4C55-8039-740B9CF7B5D7}"
EndProject
Project("{9A19103F-16F7-4668-BE54-9A1E7A4F7556}") = "10869", "10869\10869.csproj", "{537B2F48-BF47-42FF-B50F-AE718237505D}"
EndProject
Project("{9A19103F-16F7-4668-BE54-9A1E7A4F7556}") = "9498", "9498\9498.csproj", "{67C07733-0939-4C4E-A4E3-ABCFCBBEAEEB}"
EndProject
Project("{9A19103F-16F7-4668-BE54-9A1E7A4F7556}") = "2752", "2752\2752.csproj", "{CD60B566-819F-44BF-B7B4-CF1EF472D2CA}"
EndProject
Project("{9A19103F-16F7-4668-BE54-9A1E7A4F7556}") = "2480", "2480\2480.csproj", "{02F6B651-C442-4EF0-98E4-EA8A795570B3}"
EndProject
Project("{9A19103F-16F7-4668-BE54-9A1E7A4F7556}") = "2490", "2490\2490.csproj", "{D2E17F4C-A6D0-4D7A-9964-44668E9FA245}"
EndProject
Project("{9A19103F-16F7-4668-BE54-9A1E7A4F7556}") = "2576", "2576\2576.csproj", "{691D8DF2-B1E0-4C36-B194-87739D07028A}"
EndProject
Project("{9A19103F-16F7-4668-BE54-9A1E7A4F7556}") = "2587", "2587\2587.csproj", "{0A96B653-5DE5-4C3E-9102-12151D4BB6A8}"
EndProject
Project("{9A19103F-16F7-4668-BE54-9A1E7A4F7556}") = "10093", "10093\10093.csproj", "{7233E7B6-A319-49DC-B710-9182D57ED8AA}"
EndProject
Project("{9A19103F-16F7-4668-BE54-9A1E7A4F7556}") = "1267", "1267\1267.csproj", "{8A2C35E0-6457-4F01-9B66-FAA7BB07A03A}"
EndProject
Project("{9A19103F-16F7-4668-BE54-9A1E7A4F7556}") = "10804", "10804\10804.csproj", "{4901BAFA-ACAC-4FE5-96A0-631E7E5B42DE}"
EndProject
Project("{9A19103F-16F7-4668-BE54-9A1E7A4F7556}") = "15552", "15552\15552.csproj", "{5D5D7C8E-0BCD-446B-96EB-0951A04C0EA9}"
EndProject
Project("{9A19103F-16F7-4668-BE54-9A1E7A4F7556}") = "2438", "2438\2438.csproj", "{56F71DDF-0552-4AF1-80A9-93977B89415B}"
EndProject
Project("{9A19103F-16F7-4668-BE54-9A1E7A4F7556}") = "2439", "2439\2439.csproj", "{4A0F83A2-2AFC-4B00-BCD6-3EA5AEBD60D3}"
EndProject
Project("{9A19103F-16F7-4668-BE54-9A1E7A4F7556}") = "2440", "2440\2440.csproj", "{1813FD74-2DFD-47AD-8047-351CEC7C075A}"
EndProject
Project("{9A19103F-16F7-4668-BE54-9A1E7A4F7556}") = "2441", "2441\2441.csproj", "{31D076BD-06B9-40BE-AC4F-E5CE349DD389}"
EndProject
Project("{9A19103F-16F7-4668-BE54-9A1E7A4F7556}") = "2442", "2442\2442.csproj", "{ADE56BE6-EE74-4DB4-8BF5-C60DE8B1402A}"
EndProject
Project("{9A19103F-16F7-4668-BE54-9A1E7A4F7556}") = "2443", "2443\2443.csproj", "{68CB1730-451A-4FCD-902D-04D42B7DD252}"
EndProject
Project("{9A19103F-16F7-4668-BE54-9A1E7A4F7556}") = "2444", "2444\2444.csproj", "{A068BA4A-163A-4B78-A112-9485E6BDF01E}"
EndProject
Project("{9A19103F-16F7-4668-BE54-9A1E7A4F7556}") = "2445", "2445\2445.csproj", "{0C08EB90-FF49-4C39-A54C-FA1285AC73CD}"
EndProject
Project("{9A19103F-16F7-4668-BE54-9A1E7A4F7556}") = "2446", "2446\2446.csproj", "{10C311AA-F2F6-442A-9772-2C909836F69C}"
EndProject
Project("{9A19103F-16F7-4668-BE54-9A1E7A4F7556}") = "2562", "2562\2562.csproj", "{DEBE8813-B333-4C46-AB66-402318104E74}"
EndProject
Project("{9A19103F-16F7-4668-BE54-9A1E7A4F7556}") = "BarkingDog_2", "BarkingDog_0x02\BarkingDog_2.csproj", "{F9144483-052F-4EEB-A5F3-C83677CD3BD5}"
EndProject
Project("{9A19103F-16F7-4668-BE54-9A1E7A4F7556}") = "10808", "10808\10808.csproj", "{14D703EE-84D3-4E37-8439-D9390F1A3109}"
EndProject
Project("{9A19103F-16F7-4668-BE54-9A1E7A4F7556}") = "BarkingDog_3", "BarkingDog_3\BarkingDog_3.csproj", "{D6E9B609-0F7A-426E-BB77-EF8B95E2EAB8}"
EndProject
Project("{9A19103F-16F7-4668-BE54-9A1E7A4F7556}") = "2577", "2577\2577.csproj", "{FE577B4B-964A-43A1-B2C4-71E6E3FF5BAD}"
EndProject
Project("{9A19103F-16F7-4668-BE54-9A1E7A4F7556}") = "1475", "1475\1475.csproj", "{FF3A5EDA-0F43-4384-9D30-33E5B0A8387F}"
EndProject
Project("{9A19103F-16F7-4668-BE54-9A1E7A4F7556}") = "3273", "3273\3273.csproj", "{5BDEF9FB-7394-4944-B28D-FC46D4E65603}"
EndProject
Project("{9A19103F-16F7-4668-BE54-9A1E7A4F7556}") = "10807", "10807\10807.csproj", "{977479B5-A9D6-4CF7-9413-7395F6DA8DA5}"
EndProject
Project("{9A19103F-16F7-4668-BE54-9A1E7A4F7556}") = "13300", "13300\13300.csproj", "{F7BA5DB0-8D5B-42FC-9995-57794D9694C2}"
EndProject
Project("{9A19103F-16F7-4668-BE54-9A1E7A4F7556}") = "11328", "11328\11328.csproj", "{948BFDFA-2FE3-4C3E-A4D6-30A3107CA29D}"
EndProject
Project("{9A19103F-16F7-4668-BE54-9A1E7A4F7556}") = "1919", "1919\1919.csproj", "{2C75069F-8CFC-4E7B-93BB-F979AC622C0E}"
EndProject
Project("{9A19103F-16F7-4668-BE54-9A1E7A4F7556}") = "1406", "1406\1406.csproj", "{8DB0423C-F77A-4E63-A1A1-CA5C0A84E348}"
EndProject
Project("{9A19103F-16F7-4668-BE54-9A1E7A4F7556}") = "5397", "5397\5397.csproj", "{21F493DD-001C-4971-8A18-DDEE99E420F3}"
EndProject
Project("{9A19103F-16F7-4668-BE54-9A1E7A4F7556}") = "10828", "10828\10828.csproj", "{DCC11BB4-22C1-4653-AD06-EA718C5AFD3C}"
EndProject
Project("{9A19103F-16F7-4668-BE54-9A1E7A4F7556}") = "1874", "1874\1874.csproj", "{AD948A79-DF60-4F9A-B7EC-0E3DEB059D5B}"
EndProject
Project("{9A19103F-16F7-4668-BE54-9A1E7A4F7556}") = "2493", "2493\2493.csproj", "{60AC59E9-A5D4-42EB-8F7C-41F39093FEB6}"
EndProject
Project("{9A19103F-16F7-4668-BE54-9A1E7A4F7556}") = "6198", "6198\6198.csproj", "{016D13E1-D0C2-439C-8198-F58C54FDF58E}"
EndProject
Project("{9A19103F-16F7-4668-BE54-9A1E7A4F7556}") = "18258", "18258\18258.csproj", "{D2FC98D8-0C89-4D75-B054-78240A3FFA96}"
EndProject
Project("{9A19103F-16F7-4668-BE54-9A1E7A4F7556}") = "2164", "2164\2164.csproj", "{2B5EB452-9742-4405-89D4-5730DE4B7883}"
EndProject
Project("{9A19103F-16F7-4668-BE54-9A1E7A4F7556}") = "1021", "1021\1021.csproj", "{42C35F5B-9D36-45C2-A175-3032CC0407DC}"
EndProject
Project("{9A19103F-16F7-4668-BE54-9A1E7A4F7556}") = "4949", "4949\4949.csproj", "{DBEDD92B-3742-4C69-BEDC-EF6491B5BFF4}"
EndProject
Project("{9A19103F-16F7-4668-BE54-9A1E7A4F7556}") = "3986", "3986\3986.csproj", "{7D451295-10FD-4D9A-83EC-9E4664C50F81}"
EndProject
Project("{9A19103F-16F7-4668-BE54-9A1E7A4F7556}") = "1926", "1926\1926.csproj", "{C3DAFF1F-2A57-4C40-AF3C-B1F93169B422}"
EndProject
Project("{9A19103F-16F7-4668-BE54-9A1E7A4F7556}") = "7576", "7576\7576.csproj", "{25E015DF-85E9-4A74-89C1-B404A60A0CF1}"
EndProject
Project("{9A19103F-16F7-4668-BE54-9A1E7A4F7556}") = "4179", "4179\4179.csproj", "{F1A9B61C-AA3B-4520-BDE3-4CEC960DA333}"
EndProject
Project("{9A19103F-16F7-4668-BE54-9A1E7A4F7556}") = "1697", "1697\1697.csproj", "{0E261EBE-BBB9-4BBF-98A6-BBCBED379EA0}"
EndProject
Project("{9A19103F-16F7-4668-BE54-9A1E7A4F7556}") = "BarkingDog_Recursion_01", "BarkingDog_Recursion_01\BarkingDog_Recursion_01.csproj", "{E058C1D7-A24B-44FA-8909-7E4923C65D81}"
EndProject
Project("{9A19103F-16F7-4668-BE54-9A1E7A4F7556}") = "1629", "1629\1629.csproj", "{F14B4B9D-0F4C-4937-BD10-40FE07EED6BB}"
EndProject
Project("{9A19103F-16F7-4668-BE54-9A1E7A4F7556}") = "11729", "11729\11729.csproj", "{02A76761-5A17-4AA7-8EE7-8ADCFFA99BB6}"
EndProject
Project("{9A19103F-16F7-4668-BE54-9A1E7A4F7556}") = "1074", "1074\1074.csproj", "{73C02F2C-2EF1-4F99-9A6B-A2CE53205D22}"
EndProject
Project("{9A19103F-16F7-4668-BE54-9A1E7A4F7556}") = "17478", "17478\17478.csproj", "{921D929D-9F9F-4204-B93E-90AA12BA5E5D}"
EndProject
Project("{9A19103F-16F7-4668-BE54-9A1E7A4F7556}") = "2579", "2579\2579.csproj", "{C28BA04A-C2CB-4425-81AE-91B5921726AD}"
EndProject
Project("{9A19103F-16F7-4668-BE54-9A1E7A4F7556}") = "2579_ver2", "2579_ver2\2579_ver2.csproj", "{9C651654-4F5B-4CBB-AC49-D4FFE0815E7B}"
EndProject
Project("{9A19103F-16F7-4668-BE54-9A1E7A4F7556}") = "1149", "1149\1149.csproj", "{D0E510DC-4F82-4939-9917-C3262606C29C}"
EndProject
Project("{9A19103F-16F7-4668-BE54-9A1E7A4F7556}") = "11659", "11659\11659.csproj", "{DCBAD6CB-33B5-41BA-A432-B9FF6E256107}"
EndProject
Project("{9A19103F-16F7-4668-BE54-9A1E7A4F7556}") = "12852", "12852\12852.csproj", "{9B34EC30-7327-4CBC-89D9-47A8B7193D04}"
EndProject
Project("{FAE04EC0-301F-11D3-BF4B-00C04F79EFBC}") = "10718", "10718\10718.csproj", "{0B41AECB-0246-4D45-B800-9F15F60069C1}"
EndProject
Project("{FAE04EC0-301F-11D3-BF4B-00C04F79EFBC}") = "10926", "10926\10926.csproj", "{660E8D90-271E-43B0-9B93-D865A307A97C}"
EndProject
Project("{FAE04EC0-301F-11D3-BF4B-00C04F79EFBC}") = "1001", "1001\1001.csproj", "{2EB660B0-BF4A-4018-972B-D9614172D0E3}"
EndProject
Project("{FAE04EC0-301F-11D3-BF4B-00C04F79EFBC}") = "10998", "10998\10998.csproj", "{D2272372-3F9D-47AE-97D3-EF95D6B40525}"
EndProject
Project("{FAE04EC0-301F-11D3-BF4B-00C04F79EFBC}") = "18108", "18108\18108.csproj", "{4878D5D7-48F4-4309-B284-FA186EF73085}"
EndProject
Project("{FAE04EC0-301F-11D3-BF4B-00C04F79EFBC}") = "25083", "25083\25083.csproj", "{B2601A45-B582-4515-806B-441E1284699C}"
EndProject
Project("{FAE04EC0-301F-11D3-BF4B-00C04F79EFBC}") = "1008", "1008\1008.csproj", "{414ABDB7-75D2-49BB-99C0-EF4D51C3B0FA}"
EndProject
Global
	GlobalSection(SolutionConfigurationPlatforms) = preSolution
		Debug|Any CPU = Debug|Any CPU
		Release|Any CPU = Release|Any CPU
	EndGlobalSection
	GlobalSection(ProjectConfigurationPlatforms) = postSolution
		{482C2D57-F102-4603-A88B-D197385B4FC3}.Debug|Any CPU.ActiveCfg = Debug|Any CPU
		{482C2D57-F102-4603-A88B-D197385B4FC3}.Debug|Any CPU.Build.0 = Debug|Any CPU
		{482C2D57-F102-4603-A88B-D197385B4FC3}.Release|Any CPU.ActiveCfg = Release|Any CPU
		{482C2D57-F102-4603-A88B-D197385B4FC3}.Release|Any CPU.Build.0 = Release|Any CPU
		{9ADA503A-B3D1-456B-8B22-99366D47225D}.Debug|Any CPU.ActiveCfg = Debug|Any CPU
		{9ADA503A-B3D1-456B-8B22-99366D47225D}.Debug|Any CPU.Build.0 = Debug|Any CPU
		{9ADA503A-B3D1-456B-8B22-99366D47225D}.Release|Any CPU.ActiveCfg = Release|Any CPU
		{9ADA503A-B3D1-456B-8B22-99366D47225D}.Release|Any CPU.Build.0 = Release|Any CPU
		{52F755D9-EB1B-4ACA-9D93-4CB9282B17E0}.Debug|Any CPU.ActiveCfg = Debug|Any CPU
		{52F755D9-EB1B-4ACA-9D93-4CB9282B17E0}.Debug|Any CPU.Build.0 = Debug|Any CPU
		{52F755D9-EB1B-4ACA-9D93-4CB9282B17E0}.Release|Any CPU.ActiveCfg = Release|Any CPU
		{52F755D9-EB1B-4ACA-9D93-4CB9282B17E0}.Release|Any CPU.Build.0 = Release|Any CPU
		{396DFA4E-6002-419C-912C-3F2524AB49BD}.Debug|Any CPU.ActiveCfg = Debug|Any CPU
		{396DFA4E-6002-419C-912C-3F2524AB49BD}.Debug|Any CPU.Build.0 = Debug|Any CPU
		{396DFA4E-6002-419C-912C-3F2524AB49BD}.Release|Any CPU.ActiveCfg = Release|Any CPU
		{396DFA4E-6002-419C-912C-3F2524AB49BD}.Release|Any CPU.Build.0 = Release|Any CPU
		{1D31D9D8-FFB7-4407-9FEB-C8DBD27A693F}.Debug|Any CPU.ActiveCfg = Debug|Any CPU
		{1D31D9D8-FFB7-4407-9FEB-C8DBD27A693F}.Debug|Any CPU.Build.0 = Debug|Any CPU
		{1D31D9D8-FFB7-4407-9FEB-C8DBD27A693F}.Release|Any CPU.ActiveCfg = Release|Any CPU
		{1D31D9D8-FFB7-4407-9FEB-C8DBD27A693F}.Release|Any CPU.Build.0 = Release|Any CPU
		{AD97CDD7-A242-4EA3-90E0-9BD3D55BE2D0}.Debug|Any CPU.ActiveCfg = Debug|Any CPU
		{AD97CDD7-A242-4EA3-90E0-9BD3D55BE2D0}.Debug|Any CPU.Build.0 = Debug|Any CPU
		{AD97CDD7-A242-4EA3-90E0-9BD3D55BE2D0}.Release|Any CPU.ActiveCfg = Release|Any CPU
		{AD97CDD7-A242-4EA3-90E0-9BD3D55BE2D0}.Release|Any CPU.Build.0 = Release|Any CPU
		{4A453370-85FF-4A5B-A513-E26EE2B08293}.Debug|Any CPU.ActiveCfg = Debug|Any CPU
		{4A453370-85FF-4A5B-A513-E26EE2B08293}.Debug|Any CPU.Build.0 = Debug|Any CPU
		{4A453370-85FF-4A5B-A513-E26EE2B08293}.Release|Any CPU.ActiveCfg = Release|Any CPU
		{4A453370-85FF-4A5B-A513-E26EE2B08293}.Release|Any CPU.Build.0 = Release|Any CPU
		{D8FEC069-BF34-4265-824F-3728A9379168}.Debug|Any CPU.ActiveCfg = Debug|Any CPU
		{D8FEC069-BF34-4265-824F-3728A9379168}.Debug|Any CPU.Build.0 = Debug|Any CPU
		{D8FEC069-BF34-4265-824F-3728A9379168}.Release|Any CPU.ActiveCfg = Release|Any CPU
		{D8FEC069-BF34-4265-824F-3728A9379168}.Release|Any CPU.Build.0 = Release|Any CPU
		{0C24503F-AF9D-4D34-990F-21B44BC0FA3F}.Debug|Any CPU.ActiveCfg = Debug|Any CPU
		{0C24503F-AF9D-4D34-990F-21B44BC0FA3F}.Debug|Any CPU.Build.0 = Debug|Any CPU
		{0C24503F-AF9D-4D34-990F-21B44BC0FA3F}.Release|Any CPU.ActiveCfg = Release|Any CPU
		{0C24503F-AF9D-4D34-990F-21B44BC0FA3F}.Release|Any CPU.Build.0 = Release|Any CPU
		{756E606D-BFD8-4F35-AD2C-7E2C293225ED}.Debug|Any CPU.ActiveCfg = Debug|Any CPU
		{756E606D-BFD8-4F35-AD2C-7E2C293225ED}.Debug|Any CPU.Build.0 = Debug|Any CPU
		{756E606D-BFD8-4F35-AD2C-7E2C293225ED}.Release|Any CPU.ActiveCfg = Release|Any CPU
		{756E606D-BFD8-4F35-AD2C-7E2C293225ED}.Release|Any CPU.Build.0 = Release|Any CPU
		{5986D435-CD78-494C-9DE3-A442E95B1892}.Debug|Any CPU.ActiveCfg = Debug|Any CPU
		{5986D435-CD78-494C-9DE3-A442E95B1892}.Debug|Any CPU.Build.0 = Debug|Any CPU
		{5986D435-CD78-494C-9DE3-A442E95B1892}.Release|Any CPU.ActiveCfg = Release|Any CPU
		{5986D435-CD78-494C-9DE3-A442E95B1892}.Release|Any CPU.Build.0 = Release|Any CPU
		{BE925C85-D143-4F77-BBE0-83D8EF4AF47B}.Debug|Any CPU.ActiveCfg = Debug|Any CPU
		{BE925C85-D143-4F77-BBE0-83D8EF4AF47B}.Debug|Any CPU.Build.0 = Debug|Any CPU
		{BE925C85-D143-4F77-BBE0-83D8EF4AF47B}.Release|Any CPU.ActiveCfg = Release|Any CPU
		{BE925C85-D143-4F77-BBE0-83D8EF4AF47B}.Release|Any CPU.Build.0 = Release|Any CPU
		{1CC9928D-4855-466B-B36B-BEC9D87AA363}.Debug|Any CPU.ActiveCfg = Debug|Any CPU
		{1CC9928D-4855-466B-B36B-BEC9D87AA363}.Debug|Any CPU.Build.0 = Debug|Any CPU
		{1CC9928D-4855-466B-B36B-BEC9D87AA363}.Release|Any CPU.ActiveCfg = Release|Any CPU
		{1CC9928D-4855-466B-B36B-BEC9D87AA363}.Release|Any CPU.Build.0 = Release|Any CPU
		{D0EE5497-7995-48C4-A8BC-98BC6A5D4504}.Debug|Any CPU.ActiveCfg = Debug|Any CPU
		{D0EE5497-7995-48C4-A8BC-98BC6A5D4504}.Debug|Any CPU.Build.0 = Debug|Any CPU
		{D0EE5497-7995-48C4-A8BC-98BC6A5D4504}.Release|Any CPU.ActiveCfg = Release|Any CPU
		{D0EE5497-7995-48C4-A8BC-98BC6A5D4504}.Release|Any CPU.Build.0 = Release|Any CPU
		{A743715D-2A6B-41F4-A2E6-92B5B477088A}.Debug|Any CPU.ActiveCfg = Debug|Any CPU
		{A743715D-2A6B-41F4-A2E6-92B5B477088A}.Debug|Any CPU.Build.0 = Debug|Any CPU
		{A743715D-2A6B-41F4-A2E6-92B5B477088A}.Release|Any CPU.ActiveCfg = Release|Any CPU
		{A743715D-2A6B-41F4-A2E6-92B5B477088A}.Release|Any CPU.Build.0 = Release|Any CPU
		{2771B971-5505-4AD3-9842-EC57F4AE6BD8}.Debug|Any CPU.ActiveCfg = Debug|Any CPU
		{2771B971-5505-4AD3-9842-EC57F4AE6BD8}.Debug|Any CPU.Build.0 = Debug|Any CPU
		{2771B971-5505-4AD3-9842-EC57F4AE6BD8}.Release|Any CPU.ActiveCfg = Release|Any CPU
		{2771B971-5505-4AD3-9842-EC57F4AE6BD8}.Release|Any CPU.Build.0 = Release|Any CPU
		{90EE6E01-0A1B-442A-8EA9-ED37F34860D3}.Debug|Any CPU.ActiveCfg = Debug|Any CPU
		{90EE6E01-0A1B-442A-8EA9-ED37F34860D3}.Debug|Any CPU.Build.0 = Debug|Any CPU
		{90EE6E01-0A1B-442A-8EA9-ED37F34860D3}.Release|Any CPU.ActiveCfg = Release|Any CPU
		{90EE6E01-0A1B-442A-8EA9-ED37F34860D3}.Release|Any CPU.Build.0 = Release|Any CPU
		{3124A9DF-73AB-4E2D-83E4-CAA69757AEE3}.Debug|Any CPU.ActiveCfg = Debug|Any CPU
		{3124A9DF-73AB-4E2D-83E4-CAA69757AEE3}.Debug|Any CPU.Build.0 = Debug|Any CPU
		{3124A9DF-73AB-4E2D-83E4-CAA69757AEE3}.Release|Any CPU.ActiveCfg = Release|Any CPU
		{3124A9DF-73AB-4E2D-83E4-CAA69757AEE3}.Release|Any CPU.Build.0 = Release|Any CPU
		{E9623CE4-54DF-4C8E-B1F0-4A7E4A470306}.Debug|Any CPU.ActiveCfg = Debug|Any CPU
		{E9623CE4-54DF-4C8E-B1F0-4A7E4A470306}.Debug|Any CPU.Build.0 = Debug|Any CPU
		{E9623CE4-54DF-4C8E-B1F0-4A7E4A470306}.Release|Any CPU.ActiveCfg = Release|Any CPU
		{E9623CE4-54DF-4C8E-B1F0-4A7E4A470306}.Release|Any CPU.Build.0 = Release|Any CPU
		{FCF37423-163B-4225-A8B4-E78D80B64E89}.Debug|Any CPU.ActiveCfg = Debug|Any CPU
		{FCF37423-163B-4225-A8B4-E78D80B64E89}.Debug|Any CPU.Build.0 = Debug|Any CPU
		{FCF37423-163B-4225-A8B4-E78D80B64E89}.Release|Any CPU.ActiveCfg = Release|Any CPU
		{FCF37423-163B-4225-A8B4-E78D80B64E89}.Release|Any CPU.Build.0 = Release|Any CPU
		{A12F17F0-9577-4783-BF99-3CAC66CE3A94}.Debug|Any CPU.ActiveCfg = Debug|Any CPU
		{A12F17F0-9577-4783-BF99-3CAC66CE3A94}.Debug|Any CPU.Build.0 = Debug|Any CPU
		{A12F17F0-9577-4783-BF99-3CAC66CE3A94}.Release|Any CPU.ActiveCfg = Release|Any CPU
		{A12F17F0-9577-4783-BF99-3CAC66CE3A94}.Release|Any CPU.Build.0 = Release|Any CPU
		{4C26931F-E8F9-4397-9175-42342E0FB7E7}.Debug|Any CPU.ActiveCfg = Debug|Any CPU
		{4C26931F-E8F9-4397-9175-42342E0FB7E7}.Debug|Any CPU.Build.0 = Debug|Any CPU
		{4C26931F-E8F9-4397-9175-42342E0FB7E7}.Release|Any CPU.ActiveCfg = Release|Any CPU
		{4C26931F-E8F9-4397-9175-42342E0FB7E7}.Release|Any CPU.Build.0 = Release|Any CPU
		{BAAC5C43-1E97-42CA-8B88-4D814A87DA63}.Debug|Any CPU.ActiveCfg = Debug|Any CPU
		{BAAC5C43-1E97-42CA-8B88-4D814A87DA63}.Debug|Any CPU.Build.0 = Debug|Any CPU
		{BAAC5C43-1E97-42CA-8B88-4D814A87DA63}.Release|Any CPU.ActiveCfg = Release|Any CPU
		{BAAC5C43-1E97-42CA-8B88-4D814A87DA63}.Release|Any CPU.Build.0 = Release|Any CPU
		{2B0228CA-3CB4-4107-B84C-56B0496A5932}.Debug|Any CPU.ActiveCfg = Debug|Any CPU
		{2B0228CA-3CB4-4107-B84C-56B0496A5932}.Debug|Any CPU.Build.0 = Debug|Any CPU
		{2B0228CA-3CB4-4107-B84C-56B0496A5932}.Release|Any CPU.ActiveCfg = Release|Any CPU
		{2B0228CA-3CB4-4107-B84C-56B0496A5932}.Release|Any CPU.Build.0 = Release|Any CPU
		{B8CA1D08-4AFB-499C-808E-535B40C1B73F}.Debug|Any CPU.ActiveCfg = Debug|Any CPU
		{B8CA1D08-4AFB-499C-808E-535B40C1B73F}.Debug|Any CPU.Build.0 = Debug|Any CPU
		{B8CA1D08-4AFB-499C-808E-535B40C1B73F}.Release|Any CPU.ActiveCfg = Release|Any CPU
		{B8CA1D08-4AFB-499C-808E-535B40C1B73F}.Release|Any CPU.Build.0 = Release|Any CPU
		{7EC0F349-25B4-425B-87B9-8C050EC281FF}.Debug|Any CPU.ActiveCfg = Debug|Any CPU
		{7EC0F349-25B4-425B-87B9-8C050EC281FF}.Debug|Any CPU.Build.0 = Debug|Any CPU
		{7EC0F349-25B4-425B-87B9-8C050EC281FF}.Release|Any CPU.ActiveCfg = Release|Any CPU
		{7EC0F349-25B4-425B-87B9-8C050EC281FF}.Release|Any CPU.Build.0 = Release|Any CPU
		{06819030-4709-4377-8CFC-FA5A373099DB}.Debug|Any CPU.ActiveCfg = Debug|Any CPU
		{06819030-4709-4377-8CFC-FA5A373099DB}.Debug|Any CPU.Build.0 = Debug|Any CPU
		{06819030-4709-4377-8CFC-FA5A373099DB}.Release|Any CPU.ActiveCfg = Release|Any CPU
		{06819030-4709-4377-8CFC-FA5A373099DB}.Release|Any CPU.Build.0 = Release|Any CPU
		{E1E65039-3529-4513-A62C-B13B378A140C}.Debug|Any CPU.ActiveCfg = Debug|Any CPU
		{E1E65039-3529-4513-A62C-B13B378A140C}.Debug|Any CPU.Build.0 = Debug|Any CPU
		{E1E65039-3529-4513-A62C-B13B378A140C}.Release|Any CPU.ActiveCfg = Release|Any CPU
		{E1E65039-3529-4513-A62C-B13B378A140C}.Release|Any CPU.Build.0 = Release|Any CPU
		{A3AE567F-9A89-47D3-8630-6A2155DC5B45}.Debug|Any CPU.ActiveCfg = Debug|Any CPU
		{A3AE567F-9A89-47D3-8630-6A2155DC5B45}.Debug|Any CPU.Build.0 = Debug|Any CPU
		{A3AE567F-9A89-47D3-8630-6A2155DC5B45}.Release|Any CPU.ActiveCfg = Release|Any CPU
		{A3AE567F-9A89-47D3-8630-6A2155DC5B45}.Release|Any CPU.Build.0 = Release|Any CPU
		{1A223D69-8A03-47DE-A16D-84281ADAC432}.Debug|Any CPU.ActiveCfg = Debug|Any CPU
		{1A223D69-8A03-47DE-A16D-84281ADAC432}.Debug|Any CPU.Build.0 = Debug|Any CPU
		{1A223D69-8A03-47DE-A16D-84281ADAC432}.Release|Any CPU.ActiveCfg = Release|Any CPU
		{1A223D69-8A03-47DE-A16D-84281ADAC432}.Release|Any CPU.Build.0 = Release|Any CPU
		{2C598965-4DC4-4BFB-BF9B-3C4B9BA68E0D}.Debug|Any CPU.ActiveCfg = Debug|Any CPU
		{2C598965-4DC4-4BFB-BF9B-3C4B9BA68E0D}.Debug|Any CPU.Build.0 = Debug|Any CPU
		{2C598965-4DC4-4BFB-BF9B-3C4B9BA68E0D}.Release|Any CPU.ActiveCfg = Release|Any CPU
		{2C598965-4DC4-4BFB-BF9B-3C4B9BA68E0D}.Release|Any CPU.Build.0 = Release|Any CPU
		{C6E20774-25E8-42BC-B4FE-080C46D40341}.Debug|Any CPU.ActiveCfg = Debug|Any CPU
		{C6E20774-25E8-42BC-B4FE-080C46D40341}.Debug|Any CPU.Build.0 = Debug|Any CPU
		{C6E20774-25E8-42BC-B4FE-080C46D40341}.Release|Any CPU.ActiveCfg = Release|Any CPU
		{C6E20774-25E8-42BC-B4FE-080C46D40341}.Release|Any CPU.Build.0 = Release|Any CPU
		{49000AD9-102A-43E2-B1CC-D80A914581EE}.Debug|Any CPU.ActiveCfg = Debug|Any CPU
		{49000AD9-102A-43E2-B1CC-D80A914581EE}.Debug|Any CPU.Build.0 = Debug|Any CPU
		{49000AD9-102A-43E2-B1CC-D80A914581EE}.Release|Any CPU.ActiveCfg = Release|Any CPU
		{49000AD9-102A-43E2-B1CC-D80A914581EE}.Release|Any CPU.Build.0 = Release|Any CPU
		{E1C5D59B-069D-412A-869B-31AEED6389AD}.Debug|Any CPU.ActiveCfg = Debug|Any CPU
		{E1C5D59B-069D-412A-869B-31AEED6389AD}.Debug|Any CPU.Build.0 = Debug|Any CPU
		{E1C5D59B-069D-412A-869B-31AEED6389AD}.Release|Any CPU.ActiveCfg = Release|Any CPU
		{E1C5D59B-069D-412A-869B-31AEED6389AD}.Release|Any CPU.Build.0 = Release|Any CPU
		{82C28669-18EE-419B-A754-ED9E977D8E3D}.Debug|Any CPU.ActiveCfg = Debug|Any CPU
		{82C28669-18EE-419B-A754-ED9E977D8E3D}.Debug|Any CPU.Build.0 = Debug|Any CPU
		{82C28669-18EE-419B-A754-ED9E977D8E3D}.Release|Any CPU.ActiveCfg = Release|Any CPU
		{82C28669-18EE-419B-A754-ED9E977D8E3D}.Release|Any CPU.Build.0 = Release|Any CPU
		{D227FD8E-B288-4EBC-A0B9-27F0C168A92E}.Debug|Any CPU.ActiveCfg = Debug|Any CPU
		{D227FD8E-B288-4EBC-A0B9-27F0C168A92E}.Debug|Any CPU.Build.0 = Debug|Any CPU
		{D227FD8E-B288-4EBC-A0B9-27F0C168A92E}.Release|Any CPU.ActiveCfg = Release|Any CPU
		{D227FD8E-B288-4EBC-A0B9-27F0C168A92E}.Release|Any CPU.Build.0 = Release|Any CPU
		{AB04FFBD-DE34-461C-863C-60AF059A57D4}.Debug|Any CPU.ActiveCfg = Debug|Any CPU
		{AB04FFBD-DE34-461C-863C-60AF059A57D4}.Debug|Any CPU.Build.0 = Debug|Any CPU
		{AB04FFBD-DE34-461C-863C-60AF059A57D4}.Release|Any CPU.ActiveCfg = Release|Any CPU
		{AB04FFBD-DE34-461C-863C-60AF059A57D4}.Release|Any CPU.Build.0 = Release|Any CPU
		{CD9BD214-891F-4FBF-9147-3334E882AB3C}.Debug|Any CPU.ActiveCfg = Debug|Any CPU
		{CD9BD214-891F-4FBF-9147-3334E882AB3C}.Debug|Any CPU.Build.0 = Debug|Any CPU
		{CD9BD214-891F-4FBF-9147-3334E882AB3C}.Release|Any CPU.ActiveCfg = Release|Any CPU
		{CD9BD214-891F-4FBF-9147-3334E882AB3C}.Release|Any CPU.Build.0 = Release|Any CPU
		{916152CB-FC51-4902-A8D4-536C1756321C}.Debug|Any CPU.ActiveCfg = Debug|Any CPU
		{916152CB-FC51-4902-A8D4-536C1756321C}.Debug|Any CPU.Build.0 = Debug|Any CPU
		{916152CB-FC51-4902-A8D4-536C1756321C}.Release|Any CPU.ActiveCfg = Release|Any CPU
		{916152CB-FC51-4902-A8D4-536C1756321C}.Release|Any CPU.Build.0 = Release|Any CPU
		{C21729F8-7EC1-4498-ABA8-7D64CF527AB2}.Debug|Any CPU.ActiveCfg = Debug|Any CPU
		{C21729F8-7EC1-4498-ABA8-7D64CF527AB2}.Debug|Any CPU.Build.0 = Debug|Any CPU
		{C21729F8-7EC1-4498-ABA8-7D64CF527AB2}.Release|Any CPU.ActiveCfg = Release|Any CPU
		{C21729F8-7EC1-4498-ABA8-7D64CF527AB2}.Release|Any CPU.Build.0 = Release|Any CPU
		{4C3420DA-52EC-416B-9276-EA49237158B6}.Debug|Any CPU.ActiveCfg = Debug|Any CPU
		{4C3420DA-52EC-416B-9276-EA49237158B6}.Debug|Any CPU.Build.0 = Debug|Any CPU
		{4C3420DA-52EC-416B-9276-EA49237158B6}.Release|Any CPU.ActiveCfg = Release|Any CPU
		{4C3420DA-52EC-416B-9276-EA49237158B6}.Release|Any CPU.Build.0 = Release|Any CPU
		{1F824D2E-88E9-45F9-BD7F-44EF2DD9E926}.Debug|Any CPU.ActiveCfg = Debug|Any CPU
		{1F824D2E-88E9-45F9-BD7F-44EF2DD9E926}.Debug|Any CPU.Build.0 = Debug|Any CPU
		{1F824D2E-88E9-45F9-BD7F-44EF2DD9E926}.Release|Any CPU.ActiveCfg = Release|Any CPU
		{1F824D2E-88E9-45F9-BD7F-44EF2DD9E926}.Release|Any CPU.Build.0 = Release|Any CPU
		{D04CB498-9029-4105-A620-05ED3B676514}.Debug|Any CPU.ActiveCfg = Debug|Any CPU
		{D04CB498-9029-4105-A620-05ED3B676514}.Debug|Any CPU.Build.0 = Debug|Any CPU
		{D04CB498-9029-4105-A620-05ED3B676514}.Release|Any CPU.ActiveCfg = Release|Any CPU
		{D04CB498-9029-4105-A620-05ED3B676514}.Release|Any CPU.Build.0 = Release|Any CPU
		{8B00A456-750C-4594-98AC-144F7F69EB0C}.Debug|Any CPU.ActiveCfg = Debug|Any CPU
		{8B00A456-750C-4594-98AC-144F7F69EB0C}.Debug|Any CPU.Build.0 = Debug|Any CPU
		{8B00A456-750C-4594-98AC-144F7F69EB0C}.Release|Any CPU.ActiveCfg = Release|Any CPU
		{8B00A456-750C-4594-98AC-144F7F69EB0C}.Release|Any CPU.Build.0 = Release|Any CPU
		{43C4BE73-EAEF-460D-827D-58A3CCE7DF4C}.Debug|Any CPU.ActiveCfg = Debug|Any CPU
		{43C4BE73-EAEF-460D-827D-58A3CCE7DF4C}.Debug|Any CPU.Build.0 = Debug|Any CPU
		{43C4BE73-EAEF-460D-827D-58A3CCE7DF4C}.Release|Any CPU.ActiveCfg = Release|Any CPU
		{43C4BE73-EAEF-460D-827D-58A3CCE7DF4C}.Release|Any CPU.Build.0 = Release|Any CPU
		{F43BC232-34EE-40A4-8F78-D8932D5CD0E1}.Debug|Any CPU.ActiveCfg = Debug|Any CPU
		{F43BC232-34EE-40A4-8F78-D8932D5CD0E1}.Debug|Any CPU.Build.0 = Debug|Any CPU
		{F43BC232-34EE-40A4-8F78-D8932D5CD0E1}.Release|Any CPU.ActiveCfg = Release|Any CPU
		{F43BC232-34EE-40A4-8F78-D8932D5CD0E1}.Release|Any CPU.Build.0 = Release|Any CPU
		{D48595AA-CA5C-40A6-A27C-71A74351E44E}.Debug|Any CPU.ActiveCfg = Debug|Any CPU
		{D48595AA-CA5C-40A6-A27C-71A74351E44E}.Debug|Any CPU.Build.0 = Debug|Any CPU
		{D48595AA-CA5C-40A6-A27C-71A74351E44E}.Release|Any CPU.ActiveCfg = Release|Any CPU
		{D48595AA-CA5C-40A6-A27C-71A74351E44E}.Release|Any CPU.Build.0 = Release|Any CPU
		{8FE72FE0-8B25-4CEE-93F8-AD90ACB9BAB6}.Debug|Any CPU.ActiveCfg = Debug|Any CPU
		{8FE72FE0-8B25-4CEE-93F8-AD90ACB9BAB6}.Debug|Any CPU.Build.0 = Debug|Any CPU
		{8FE72FE0-8B25-4CEE-93F8-AD90ACB9BAB6}.Release|Any CPU.ActiveCfg = Release|Any CPU
		{8FE72FE0-8B25-4CEE-93F8-AD90ACB9BAB6}.Release|Any CPU.Build.0 = Release|Any CPU
		{F148E1B6-CD89-46F1-B844-82E34DF84849}.Debug|Any CPU.ActiveCfg = Debug|Any CPU
		{F148E1B6-CD89-46F1-B844-82E34DF84849}.Debug|Any CPU.Build.0 = Debug|Any CPU
		{F148E1B6-CD89-46F1-B844-82E34DF84849}.Release|Any CPU.ActiveCfg = Release|Any CPU
		{F148E1B6-CD89-46F1-B844-82E34DF84849}.Release|Any CPU.Build.0 = Release|Any CPU
		{341FDF71-2E41-473C-8C6E-DFCC39660DD2}.Debug|Any CPU.ActiveCfg = Debug|Any CPU
		{341FDF71-2E41-473C-8C6E-DFCC39660DD2}.Debug|Any CPU.Build.0 = Debug|Any CPU
		{341FDF71-2E41-473C-8C6E-DFCC39660DD2}.Release|Any CPU.ActiveCfg = Release|Any CPU
		{341FDF71-2E41-473C-8C6E-DFCC39660DD2}.Release|Any CPU.Build.0 = Release|Any CPU
		{2FABF61E-246C-4003-9DAA-07F48DA8010E}.Debug|Any CPU.ActiveCfg = Debug|Any CPU
		{2FABF61E-246C-4003-9DAA-07F48DA8010E}.Debug|Any CPU.Build.0 = Debug|Any CPU
		{2FABF61E-246C-4003-9DAA-07F48DA8010E}.Release|Any CPU.ActiveCfg = Release|Any CPU
		{2FABF61E-246C-4003-9DAA-07F48DA8010E}.Release|Any CPU.Build.0 = Release|Any CPU
		{4D340CAA-8871-42B4-A95E-CF9379A1D7D5}.Debug|Any CPU.ActiveCfg = Debug|Any CPU
		{4D340CAA-8871-42B4-A95E-CF9379A1D7D5}.Debug|Any CPU.Build.0 = Debug|Any CPU
		{4D340CAA-8871-42B4-A95E-CF9379A1D7D5}.Release|Any CPU.ActiveCfg = Release|Any CPU
		{4D340CAA-8871-42B4-A95E-CF9379A1D7D5}.Release|Any CPU.Build.0 = Release|Any CPU
		{24F3D5F5-C3A6-4F3D-A929-2E1BDE707874}.Debug|Any CPU.ActiveCfg = Debug|Any CPU
		{24F3D5F5-C3A6-4F3D-A929-2E1BDE707874}.Debug|Any CPU.Build.0 = Debug|Any CPU
		{24F3D5F5-C3A6-4F3D-A929-2E1BDE707874}.Release|Any CPU.ActiveCfg = Release|Any CPU
		{24F3D5F5-C3A6-4F3D-A929-2E1BDE707874}.Release|Any CPU.Build.0 = Release|Any CPU
		{CE37714B-4261-493B-91C7-845726DB2301}.Debug|Any CPU.ActiveCfg = Debug|Any CPU
		{CE37714B-4261-493B-91C7-845726DB2301}.Debug|Any CPU.Build.0 = Debug|Any CPU
		{CE37714B-4261-493B-91C7-845726DB2301}.Release|Any CPU.ActiveCfg = Release|Any CPU
		{CE37714B-4261-493B-91C7-845726DB2301}.Release|Any CPU.Build.0 = Release|Any CPU
		{AABA8962-2A85-4D19-AF69-5DAA9757A067}.Debug|Any CPU.ActiveCfg = Debug|Any CPU
		{AABA8962-2A85-4D19-AF69-5DAA9757A067}.Debug|Any CPU.Build.0 = Debug|Any CPU
		{AABA8962-2A85-4D19-AF69-5DAA9757A067}.Release|Any CPU.ActiveCfg = Release|Any CPU
		{AABA8962-2A85-4D19-AF69-5DAA9757A067}.Release|Any CPU.Build.0 = Release|Any CPU
		{0960447D-B7EB-48FA-8457-022911510E45}.Debug|Any CPU.ActiveCfg = Debug|Any CPU
		{0960447D-B7EB-48FA-8457-022911510E45}.Debug|Any CPU.Build.0 = Debug|Any CPU
		{0960447D-B7EB-48FA-8457-022911510E45}.Release|Any CPU.ActiveCfg = Release|Any CPU
		{0960447D-B7EB-48FA-8457-022911510E45}.Release|Any CPU.Build.0 = Release|Any CPU
		{44B5FF51-24EA-4C93-A5EB-825D58E709FC}.Debug|Any CPU.ActiveCfg = Debug|Any CPU
		{44B5FF51-24EA-4C93-A5EB-825D58E709FC}.Debug|Any CPU.Build.0 = Debug|Any CPU
		{44B5FF51-24EA-4C93-A5EB-825D58E709FC}.Release|Any CPU.ActiveCfg = Release|Any CPU
		{44B5FF51-24EA-4C93-A5EB-825D58E709FC}.Release|Any CPU.Build.0 = Release|Any CPU
		{D1B372F6-66D7-4FE3-9410-3B8AD101849E}.Debug|Any CPU.ActiveCfg = Debug|Any CPU
		{D1B372F6-66D7-4FE3-9410-3B8AD101849E}.Debug|Any CPU.Build.0 = Debug|Any CPU
		{D1B372F6-66D7-4FE3-9410-3B8AD101849E}.Release|Any CPU.ActiveCfg = Release|Any CPU
		{D1B372F6-66D7-4FE3-9410-3B8AD101849E}.Release|Any CPU.Build.0 = Release|Any CPU
		{A426833A-BFF8-4747-AB47-9D51521B06D2}.Debug|Any CPU.ActiveCfg = Debug|Any CPU
		{A426833A-BFF8-4747-AB47-9D51521B06D2}.Debug|Any CPU.Build.0 = Debug|Any CPU
		{A426833A-BFF8-4747-AB47-9D51521B06D2}.Release|Any CPU.ActiveCfg = Release|Any CPU
		{A426833A-BFF8-4747-AB47-9D51521B06D2}.Release|Any CPU.Build.0 = Release|Any CPU
		{8B5F3BE9-08A8-4F81-9709-8EFEBBC1B2AD}.Debug|Any CPU.ActiveCfg = Debug|Any CPU
		{8B5F3BE9-08A8-4F81-9709-8EFEBBC1B2AD}.Debug|Any CPU.Build.0 = Debug|Any CPU
		{8B5F3BE9-08A8-4F81-9709-8EFEBBC1B2AD}.Release|Any CPU.ActiveCfg = Release|Any CPU
		{8B5F3BE9-08A8-4F81-9709-8EFEBBC1B2AD}.Release|Any CPU.Build.0 = Release|Any CPU
		{4F54EFCA-AF09-4E4A-B36A-8E86B6760FAE}.Debug|Any CPU.ActiveCfg = Debug|Any CPU
		{4F54EFCA-AF09-4E4A-B36A-8E86B6760FAE}.Debug|Any CPU.Build.0 = Debug|Any CPU
		{4F54EFCA-AF09-4E4A-B36A-8E86B6760FAE}.Release|Any CPU.ActiveCfg = Release|Any CPU
		{4F54EFCA-AF09-4E4A-B36A-8E86B6760FAE}.Release|Any CPU.Build.0 = Release|Any CPU
		{009A0444-C3A0-45B6-BE0B-FBBA45145B3A}.Debug|Any CPU.ActiveCfg = Debug|Any CPU
		{009A0444-C3A0-45B6-BE0B-FBBA45145B3A}.Debug|Any CPU.Build.0 = Debug|Any CPU
		{009A0444-C3A0-45B6-BE0B-FBBA45145B3A}.Release|Any CPU.ActiveCfg = Release|Any CPU
		{009A0444-C3A0-45B6-BE0B-FBBA45145B3A}.Release|Any CPU.Build.0 = Release|Any CPU
		{9856557C-7614-4E9B-91E4-4B7705BE851D}.Debug|Any CPU.ActiveCfg = Debug|Any CPU
		{9856557C-7614-4E9B-91E4-4B7705BE851D}.Debug|Any CPU.Build.0 = Debug|Any CPU
		{9856557C-7614-4E9B-91E4-4B7705BE851D}.Release|Any CPU.ActiveCfg = Release|Any CPU
		{9856557C-7614-4E9B-91E4-4B7705BE851D}.Release|Any CPU.Build.0 = Release|Any CPU
		{311A7B97-53E9-452B-85AA-2EEF49A55BA5}.Debug|Any CPU.ActiveCfg = Debug|Any CPU
		{311A7B97-53E9-452B-85AA-2EEF49A55BA5}.Debug|Any CPU.Build.0 = Debug|Any CPU
		{311A7B97-53E9-452B-85AA-2EEF49A55BA5}.Release|Any CPU.ActiveCfg = Release|Any CPU
		{311A7B97-53E9-452B-85AA-2EEF49A55BA5}.Release|Any CPU.Build.0 = Release|Any CPU
		{2DAFFA3F-4AF9-4643-A563-F360B9ACBDC9}.Debug|Any CPU.ActiveCfg = Debug|Any CPU
		{2DAFFA3F-4AF9-4643-A563-F360B9ACBDC9}.Debug|Any CPU.Build.0 = Debug|Any CPU
		{2DAFFA3F-4AF9-4643-A563-F360B9ACBDC9}.Release|Any CPU.ActiveCfg = Release|Any CPU
		{2DAFFA3F-4AF9-4643-A563-F360B9ACBDC9}.Release|Any CPU.Build.0 = Release|Any CPU
		{379F620A-3B79-40CD-81B0-3A8D21C01F29}.Debug|Any CPU.ActiveCfg = Debug|Any CPU
		{379F620A-3B79-40CD-81B0-3A8D21C01F29}.Debug|Any CPU.Build.0 = Debug|Any CPU
		{379F620A-3B79-40CD-81B0-3A8D21C01F29}.Release|Any CPU.ActiveCfg = Release|Any CPU
		{379F620A-3B79-40CD-81B0-3A8D21C01F29}.Release|Any CPU.Build.0 = Release|Any CPU
		{1509276E-C26D-4F7B-BCF3-0FDF18853724}.Debug|Any CPU.ActiveCfg = Debug|Any CPU
		{1509276E-C26D-4F7B-BCF3-0FDF18853724}.Debug|Any CPU.Build.0 = Debug|Any CPU
		{1509276E-C26D-4F7B-BCF3-0FDF18853724}.Release|Any CPU.ActiveCfg = Release|Any CPU
		{1509276E-C26D-4F7B-BCF3-0FDF18853724}.Release|Any CPU.Build.0 = Release|Any CPU
		{A33DDEAF-C46B-4E5D-826E-8DCF0127A253}.Debug|Any CPU.ActiveCfg = Debug|Any CPU
		{A33DDEAF-C46B-4E5D-826E-8DCF0127A253}.Debug|Any CPU.Build.0 = Debug|Any CPU
		{A33DDEAF-C46B-4E5D-826E-8DCF0127A253}.Release|Any CPU.ActiveCfg = Release|Any CPU
		{A33DDEAF-C46B-4E5D-826E-8DCF0127A253}.Release|Any CPU.Build.0 = Release|Any CPU
		{668F98AA-1586-47D7-8841-383E3432CE97}.Debug|Any CPU.ActiveCfg = Debug|Any CPU
		{668F98AA-1586-47D7-8841-383E3432CE97}.Debug|Any CPU.Build.0 = Debug|Any CPU
		{668F98AA-1586-47D7-8841-383E3432CE97}.Release|Any CPU.ActiveCfg = Release|Any CPU
		{668F98AA-1586-47D7-8841-383E3432CE97}.Release|Any CPU.Build.0 = Release|Any CPU
		{E08DA49F-9654-4F61-AF3F-BE1CF46ACDDE}.Debug|Any CPU.ActiveCfg = Debug|Any CPU
		{E08DA49F-9654-4F61-AF3F-BE1CF46ACDDE}.Debug|Any CPU.Build.0 = Debug|Any CPU
		{E08DA49F-9654-4F61-AF3F-BE1CF46ACDDE}.Release|Any CPU.ActiveCfg = Release|Any CPU
		{E08DA49F-9654-4F61-AF3F-BE1CF46ACDDE}.Release|Any CPU.Build.0 = Release|Any CPU
		{E5F294DE-B96E-4DC9-942F-3BA71F2BEC4D}.Debug|Any CPU.ActiveCfg = Debug|Any CPU
		{E5F294DE-B96E-4DC9-942F-3BA71F2BEC4D}.Debug|Any CPU.Build.0 = Debug|Any CPU
		{E5F294DE-B96E-4DC9-942F-3BA71F2BEC4D}.Release|Any CPU.ActiveCfg = Release|Any CPU
		{E5F294DE-B96E-4DC9-942F-3BA71F2BEC4D}.Release|Any CPU.Build.0 = Release|Any CPU
		{155C4A19-34CA-4BB2-BF3F-FA342AB3CF1A}.Debug|Any CPU.ActiveCfg = Debug|Any CPU
		{155C4A19-34CA-4BB2-BF3F-FA342AB3CF1A}.Debug|Any CPU.Build.0 = Debug|Any CPU
		{155C4A19-34CA-4BB2-BF3F-FA342AB3CF1A}.Release|Any CPU.ActiveCfg = Release|Any CPU
		{155C4A19-34CA-4BB2-BF3F-FA342AB3CF1A}.Release|Any CPU.Build.0 = Release|Any CPU
		{57882E6A-F744-4C55-8039-740B9CF7B5D7}.Debug|Any CPU.ActiveCfg = Debug|Any CPU
		{57882E6A-F744-4C55-8039-740B9CF7B5D7}.Debug|Any CPU.Build.0 = Debug|Any CPU
		{57882E6A-F744-4C55-8039-740B9CF7B5D7}.Release|Any CPU.ActiveCfg = Release|Any CPU
		{57882E6A-F744-4C55-8039-740B9CF7B5D7}.Release|Any CPU.Build.0 = Release|Any CPU
		{537B2F48-BF47-42FF-B50F-AE718237505D}.Debug|Any CPU.ActiveCfg = Debug|Any CPU
		{537B2F48-BF47-42FF-B50F-AE718237505D}.Debug|Any CPU.Build.0 = Debug|Any CPU
		{537B2F48-BF47-42FF-B50F-AE718237505D}.Release|Any CPU.ActiveCfg = Release|Any CPU
		{537B2F48-BF47-42FF-B50F-AE718237505D}.Release|Any CPU.Build.0 = Release|Any CPU
		{67C07733-0939-4C4E-A4E3-ABCFCBBEAEEB}.Debug|Any CPU.ActiveCfg = Debug|Any CPU
		{67C07733-0939-4C4E-A4E3-ABCFCBBEAEEB}.Debug|Any CPU.Build.0 = Debug|Any CPU
		{67C07733-0939-4C4E-A4E3-ABCFCBBEAEEB}.Release|Any CPU.ActiveCfg = Release|Any CPU
		{67C07733-0939-4C4E-A4E3-ABCFCBBEAEEB}.Release|Any CPU.Build.0 = Release|Any CPU
		{CD60B566-819F-44BF-B7B4-CF1EF472D2CA}.Debug|Any CPU.ActiveCfg = Debug|Any CPU
		{CD60B566-819F-44BF-B7B4-CF1EF472D2CA}.Debug|Any CPU.Build.0 = Debug|Any CPU
		{CD60B566-819F-44BF-B7B4-CF1EF472D2CA}.Release|Any CPU.ActiveCfg = Release|Any CPU
		{CD60B566-819F-44BF-B7B4-CF1EF472D2CA}.Release|Any CPU.Build.0 = Release|Any CPU
		{02F6B651-C442-4EF0-98E4-EA8A795570B3}.Debug|Any CPU.ActiveCfg = Debug|Any CPU
		{02F6B651-C442-4EF0-98E4-EA8A795570B3}.Debug|Any CPU.Build.0 = Debug|Any CPU
		{02F6B651-C442-4EF0-98E4-EA8A795570B3}.Release|Any CPU.ActiveCfg = Release|Any CPU
		{02F6B651-C442-4EF0-98E4-EA8A795570B3}.Release|Any CPU.Build.0 = Release|Any CPU
		{D2E17F4C-A6D0-4D7A-9964-44668E9FA245}.Debug|Any CPU.ActiveCfg = Debug|Any CPU
		{D2E17F4C-A6D0-4D7A-9964-44668E9FA245}.Debug|Any CPU.Build.0 = Debug|Any CPU
		{D2E17F4C-A6D0-4D7A-9964-44668E9FA245}.Release|Any CPU.ActiveCfg = Release|Any CPU
		{D2E17F4C-A6D0-4D7A-9964-44668E9FA245}.Release|Any CPU.Build.0 = Release|Any CPU
		{691D8DF2-B1E0-4C36-B194-87739D07028A}.Debug|Any CPU.ActiveCfg = Debug|Any CPU
		{691D8DF2-B1E0-4C36-B194-87739D07028A}.Debug|Any CPU.Build.0 = Debug|Any CPU
		{691D8DF2-B1E0-4C36-B194-87739D07028A}.Release|Any CPU.ActiveCfg = Release|Any CPU
		{691D8DF2-B1E0-4C36-B194-87739D07028A}.Release|Any CPU.Build.0 = Release|Any CPU
		{0A96B653-5DE5-4C3E-9102-12151D4BB6A8}.Debug|Any CPU.ActiveCfg = Debug|Any CPU
		{0A96B653-5DE5-4C3E-9102-12151D4BB6A8}.Debug|Any CPU.Build.0 = Debug|Any CPU
		{0A96B653-5DE5-4C3E-9102-12151D4BB6A8}.Release|Any CPU.ActiveCfg = Release|Any CPU
		{0A96B653-5DE5-4C3E-9102-12151D4BB6A8}.Release|Any CPU.Build.0 = Release|Any CPU
		{7233E7B6-A319-49DC-B710-9182D57ED8AA}.Debug|Any CPU.ActiveCfg = Debug|Any CPU
		{7233E7B6-A319-49DC-B710-9182D57ED8AA}.Debug|Any CPU.Build.0 = Debug|Any CPU
		{7233E7B6-A319-49DC-B710-9182D57ED8AA}.Release|Any CPU.ActiveCfg = Release|Any CPU
		{7233E7B6-A319-49DC-B710-9182D57ED8AA}.Release|Any CPU.Build.0 = Release|Any CPU
		{8A2C35E0-6457-4F01-9B66-FAA7BB07A03A}.Debug|Any CPU.ActiveCfg = Debug|Any CPU
		{8A2C35E0-6457-4F01-9B66-FAA7BB07A03A}.Debug|Any CPU.Build.0 = Debug|Any CPU
		{8A2C35E0-6457-4F01-9B66-FAA7BB07A03A}.Release|Any CPU.ActiveCfg = Release|Any CPU
		{8A2C35E0-6457-4F01-9B66-FAA7BB07A03A}.Release|Any CPU.Build.0 = Release|Any CPU
		{4901BAFA-ACAC-4FE5-96A0-631E7E5B42DE}.Debug|Any CPU.ActiveCfg = Debug|Any CPU
		{4901BAFA-ACAC-4FE5-96A0-631E7E5B42DE}.Debug|Any CPU.Build.0 = Debug|Any CPU
		{4901BAFA-ACAC-4FE5-96A0-631E7E5B42DE}.Release|Any CPU.ActiveCfg = Release|Any CPU
		{4901BAFA-ACAC-4FE5-96A0-631E7E5B42DE}.Release|Any CPU.Build.0 = Release|Any CPU
		{5D5D7C8E-0BCD-446B-96EB-0951A04C0EA9}.Debug|Any CPU.ActiveCfg = Debug|Any CPU
		{5D5D7C8E-0BCD-446B-96EB-0951A04C0EA9}.Debug|Any CPU.Build.0 = Debug|Any CPU
		{5D5D7C8E-0BCD-446B-96EB-0951A04C0EA9}.Release|Any CPU.ActiveCfg = Release|Any CPU
		{5D5D7C8E-0BCD-446B-96EB-0951A04C0EA9}.Release|Any CPU.Build.0 = Release|Any CPU
		{56F71DDF-0552-4AF1-80A9-93977B89415B}.Debug|Any CPU.ActiveCfg = Debug|Any CPU
		{56F71DDF-0552-4AF1-80A9-93977B89415B}.Debug|Any CPU.Build.0 = Debug|Any CPU
		{56F71DDF-0552-4AF1-80A9-93977B89415B}.Release|Any CPU.ActiveCfg = Release|Any CPU
		{56F71DDF-0552-4AF1-80A9-93977B89415B}.Release|Any CPU.Build.0 = Release|Any CPU
		{4A0F83A2-2AFC-4B00-BCD6-3EA5AEBD60D3}.Debug|Any CPU.ActiveCfg = Debug|Any CPU
		{4A0F83A2-2AFC-4B00-BCD6-3EA5AEBD60D3}.Debug|Any CPU.Build.0 = Debug|Any CPU
		{4A0F83A2-2AFC-4B00-BCD6-3EA5AEBD60D3}.Release|Any CPU.ActiveCfg = Release|Any CPU
		{4A0F83A2-2AFC-4B00-BCD6-3EA5AEBD60D3}.Release|Any CPU.Build.0 = Release|Any CPU
		{1813FD74-2DFD-47AD-8047-351CEC7C075A}.Debug|Any CPU.ActiveCfg = Debug|Any CPU
		{1813FD74-2DFD-47AD-8047-351CEC7C075A}.Debug|Any CPU.Build.0 = Debug|Any CPU
		{1813FD74-2DFD-47AD-8047-351CEC7C075A}.Release|Any CPU.ActiveCfg = Release|Any CPU
		{1813FD74-2DFD-47AD-8047-351CEC7C075A}.Release|Any CPU.Build.0 = Release|Any CPU
		{31D076BD-06B9-40BE-AC4F-E5CE349DD389}.Debug|Any CPU.ActiveCfg = Debug|Any CPU
		{31D076BD-06B9-40BE-AC4F-E5CE349DD389}.Debug|Any CPU.Build.0 = Debug|Any CPU
		{31D076BD-06B9-40BE-AC4F-E5CE349DD389}.Release|Any CPU.ActiveCfg = Release|Any CPU
		{31D076BD-06B9-40BE-AC4F-E5CE349DD389}.Release|Any CPU.Build.0 = Release|Any CPU
		{ADE56BE6-EE74-4DB4-8BF5-C60DE8B1402A}.Debug|Any CPU.ActiveCfg = Debug|Any CPU
		{ADE56BE6-EE74-4DB4-8BF5-C60DE8B1402A}.Debug|Any CPU.Build.0 = Debug|Any CPU
		{ADE56BE6-EE74-4DB4-8BF5-C60DE8B1402A}.Release|Any CPU.ActiveCfg = Release|Any CPU
		{ADE56BE6-EE74-4DB4-8BF5-C60DE8B1402A}.Release|Any CPU.Build.0 = Release|Any CPU
		{68CB1730-451A-4FCD-902D-04D42B7DD252}.Debug|Any CPU.ActiveCfg = Debug|Any CPU
		{68CB1730-451A-4FCD-902D-04D42B7DD252}.Debug|Any CPU.Build.0 = Debug|Any CPU
		{68CB1730-451A-4FCD-902D-04D42B7DD252}.Release|Any CPU.ActiveCfg = Release|Any CPU
		{68CB1730-451A-4FCD-902D-04D42B7DD252}.Release|Any CPU.Build.0 = Release|Any CPU
		{A068BA4A-163A-4B78-A112-9485E6BDF01E}.Debug|Any CPU.ActiveCfg = Debug|Any CPU
		{A068BA4A-163A-4B78-A112-9485E6BDF01E}.Debug|Any CPU.Build.0 = Debug|Any CPU
		{A068BA4A-163A-4B78-A112-9485E6BDF01E}.Release|Any CPU.ActiveCfg = Release|Any CPU
		{A068BA4A-163A-4B78-A112-9485E6BDF01E}.Release|Any CPU.Build.0 = Release|Any CPU
		{0C08EB90-FF49-4C39-A54C-FA1285AC73CD}.Debug|Any CPU.ActiveCfg = Debug|Any CPU
		{0C08EB90-FF49-4C39-A54C-FA1285AC73CD}.Debug|Any CPU.Build.0 = Debug|Any CPU
		{0C08EB90-FF49-4C39-A54C-FA1285AC73CD}.Release|Any CPU.ActiveCfg = Release|Any CPU
		{0C08EB90-FF49-4C39-A54C-FA1285AC73CD}.Release|Any CPU.Build.0 = Release|Any CPU
		{10C311AA-F2F6-442A-9772-2C909836F69C}.Debug|Any CPU.ActiveCfg = Debug|Any CPU
		{10C311AA-F2F6-442A-9772-2C909836F69C}.Debug|Any CPU.Build.0 = Debug|Any CPU
		{10C311AA-F2F6-442A-9772-2C909836F69C}.Release|Any CPU.ActiveCfg = Release|Any CPU
		{10C311AA-F2F6-442A-9772-2C909836F69C}.Release|Any CPU.Build.0 = Release|Any CPU
		{DEBE8813-B333-4C46-AB66-402318104E74}.Debug|Any CPU.ActiveCfg = Debug|Any CPU
		{DEBE8813-B333-4C46-AB66-402318104E74}.Debug|Any CPU.Build.0 = Debug|Any CPU
		{DEBE8813-B333-4C46-AB66-402318104E74}.Release|Any CPU.ActiveCfg = Release|Any CPU
		{DEBE8813-B333-4C46-AB66-402318104E74}.Release|Any CPU.Build.0 = Release|Any CPU
		{F9144483-052F-4EEB-A5F3-C83677CD3BD5}.Debug|Any CPU.ActiveCfg = Debug|Any CPU
		{F9144483-052F-4EEB-A5F3-C83677CD3BD5}.Debug|Any CPU.Build.0 = Debug|Any CPU
		{F9144483-052F-4EEB-A5F3-C83677CD3BD5}.Release|Any CPU.ActiveCfg = Release|Any CPU
		{F9144483-052F-4EEB-A5F3-C83677CD3BD5}.Release|Any CPU.Build.0 = Release|Any CPU
		{14D703EE-84D3-4E37-8439-D9390F1A3109}.Debug|Any CPU.ActiveCfg = Debug|Any CPU
		{14D703EE-84D3-4E37-8439-D9390F1A3109}.Debug|Any CPU.Build.0 = Debug|Any CPU
		{14D703EE-84D3-4E37-8439-D9390F1A3109}.Release|Any CPU.ActiveCfg = Release|Any CPU
		{14D703EE-84D3-4E37-8439-D9390F1A3109}.Release|Any CPU.Build.0 = Release|Any CPU
		{D6E9B609-0F7A-426E-BB77-EF8B95E2EAB8}.Debug|Any CPU.ActiveCfg = Debug|Any CPU
		{D6E9B609-0F7A-426E-BB77-EF8B95E2EAB8}.Debug|Any CPU.Build.0 = Debug|Any CPU
		{D6E9B609-0F7A-426E-BB77-EF8B95E2EAB8}.Release|Any CPU.ActiveCfg = Release|Any CPU
		{D6E9B609-0F7A-426E-BB77-EF8B95E2EAB8}.Release|Any CPU.Build.0 = Release|Any CPU
		{FE577B4B-964A-43A1-B2C4-71E6E3FF5BAD}.Debug|Any CPU.ActiveCfg = Debug|Any CPU
		{FE577B4B-964A-43A1-B2C4-71E6E3FF5BAD}.Debug|Any CPU.Build.0 = Debug|Any CPU
		{FE577B4B-964A-43A1-B2C4-71E6E3FF5BAD}.Release|Any CPU.ActiveCfg = Release|Any CPU
		{FE577B4B-964A-43A1-B2C4-71E6E3FF5BAD}.Release|Any CPU.Build.0 = Release|Any CPU
		{FF3A5EDA-0F43-4384-9D30-33E5B0A8387F}.Debug|Any CPU.ActiveCfg = Debug|Any CPU
		{FF3A5EDA-0F43-4384-9D30-33E5B0A8387F}.Debug|Any CPU.Build.0 = Debug|Any CPU
		{FF3A5EDA-0F43-4384-9D30-33E5B0A8387F}.Release|Any CPU.ActiveCfg = Release|Any CPU
		{FF3A5EDA-0F43-4384-9D30-33E5B0A8387F}.Release|Any CPU.Build.0 = Release|Any CPU
		{5BDEF9FB-7394-4944-B28D-FC46D4E65603}.Debug|Any CPU.ActiveCfg = Debug|Any CPU
		{5BDEF9FB-7394-4944-B28D-FC46D4E65603}.Debug|Any CPU.Build.0 = Debug|Any CPU
		{5BDEF9FB-7394-4944-B28D-FC46D4E65603}.Release|Any CPU.ActiveCfg = Release|Any CPU
		{5BDEF9FB-7394-4944-B28D-FC46D4E65603}.Release|Any CPU.Build.0 = Release|Any CPU
		{977479B5-A9D6-4CF7-9413-7395F6DA8DA5}.Debug|Any CPU.ActiveCfg = Debug|Any CPU
		{977479B5-A9D6-4CF7-9413-7395F6DA8DA5}.Debug|Any CPU.Build.0 = Debug|Any CPU
		{977479B5-A9D6-4CF7-9413-7395F6DA8DA5}.Release|Any CPU.ActiveCfg = Release|Any CPU
		{977479B5-A9D6-4CF7-9413-7395F6DA8DA5}.Release|Any CPU.Build.0 = Release|Any CPU
		{F7BA5DB0-8D5B-42FC-9995-57794D9694C2}.Debug|Any CPU.ActiveCfg = Debug|Any CPU
		{F7BA5DB0-8D5B-42FC-9995-57794D9694C2}.Debug|Any CPU.Build.0 = Debug|Any CPU
		{F7BA5DB0-8D5B-42FC-9995-57794D9694C2}.Release|Any CPU.ActiveCfg = Release|Any CPU
		{F7BA5DB0-8D5B-42FC-9995-57794D9694C2}.Release|Any CPU.Build.0 = Release|Any CPU
		{948BFDFA-2FE3-4C3E-A4D6-30A3107CA29D}.Debug|Any CPU.ActiveCfg = Debug|Any CPU
		{948BFDFA-2FE3-4C3E-A4D6-30A3107CA29D}.Debug|Any CPU.Build.0 = Debug|Any CPU
		{948BFDFA-2FE3-4C3E-A4D6-30A3107CA29D}.Release|Any CPU.ActiveCfg = Release|Any CPU
		{948BFDFA-2FE3-4C3E-A4D6-30A3107CA29D}.Release|Any CPU.Build.0 = Release|Any CPU
		{2C75069F-8CFC-4E7B-93BB-F979AC622C0E}.Debug|Any CPU.ActiveCfg = Debug|Any CPU
		{2C75069F-8CFC-4E7B-93BB-F979AC622C0E}.Debug|Any CPU.Build.0 = Debug|Any CPU
		{2C75069F-8CFC-4E7B-93BB-F979AC622C0E}.Release|Any CPU.ActiveCfg = Release|Any CPU
		{2C75069F-8CFC-4E7B-93BB-F979AC622C0E}.Release|Any CPU.Build.0 = Release|Any CPU
		{8DB0423C-F77A-4E63-A1A1-CA5C0A84E348}.Debug|Any CPU.ActiveCfg = Debug|Any CPU
		{8DB0423C-F77A-4E63-A1A1-CA5C0A84E348}.Debug|Any CPU.Build.0 = Debug|Any CPU
		{8DB0423C-F77A-4E63-A1A1-CA5C0A84E348}.Release|Any CPU.ActiveCfg = Release|Any CPU
		{8DB0423C-F77A-4E63-A1A1-CA5C0A84E348}.Release|Any CPU.Build.0 = Release|Any CPU
		{21F493DD-001C-4971-8A18-DDEE99E420F3}.Debug|Any CPU.ActiveCfg = Debug|Any CPU
		{21F493DD-001C-4971-8A18-DDEE99E420F3}.Debug|Any CPU.Build.0 = Debug|Any CPU
		{21F493DD-001C-4971-8A18-DDEE99E420F3}.Release|Any CPU.ActiveCfg = Release|Any CPU
		{21F493DD-001C-4971-8A18-DDEE99E420F3}.Release|Any CPU.Build.0 = Release|Any CPU
		{DCC11BB4-22C1-4653-AD06-EA718C5AFD3C}.Debug|Any CPU.ActiveCfg = Debug|Any CPU
		{DCC11BB4-22C1-4653-AD06-EA718C5AFD3C}.Debug|Any CPU.Build.0 = Debug|Any CPU
		{DCC11BB4-22C1-4653-AD06-EA718C5AFD3C}.Release|Any CPU.ActiveCfg = Release|Any CPU
		{DCC11BB4-22C1-4653-AD06-EA718C5AFD3C}.Release|Any CPU.Build.0 = Release|Any CPU
		{AD948A79-DF60-4F9A-B7EC-0E3DEB059D5B}.Debug|Any CPU.ActiveCfg = Debug|Any CPU
		{AD948A79-DF60-4F9A-B7EC-0E3DEB059D5B}.Debug|Any CPU.Build.0 = Debug|Any CPU
		{AD948A79-DF60-4F9A-B7EC-0E3DEB059D5B}.Release|Any CPU.ActiveCfg = Release|Any CPU
		{AD948A79-DF60-4F9A-B7EC-0E3DEB059D5B}.Release|Any CPU.Build.0 = Release|Any CPU
		{60AC59E9-A5D4-42EB-8F7C-41F39093FEB6}.Debug|Any CPU.ActiveCfg = Debug|Any CPU
		{60AC59E9-A5D4-42EB-8F7C-41F39093FEB6}.Debug|Any CPU.Build.0 = Debug|Any CPU
		{60AC59E9-A5D4-42EB-8F7C-41F39093FEB6}.Release|Any CPU.ActiveCfg = Release|Any CPU
		{60AC59E9-A5D4-42EB-8F7C-41F39093FEB6}.Release|Any CPU.Build.0 = Release|Any CPU
		{016D13E1-D0C2-439C-8198-F58C54FDF58E}.Debug|Any CPU.ActiveCfg = Debug|Any CPU
		{016D13E1-D0C2-439C-8198-F58C54FDF58E}.Debug|Any CPU.Build.0 = Debug|Any CPU
		{016D13E1-D0C2-439C-8198-F58C54FDF58E}.Release|Any CPU.ActiveCfg = Release|Any CPU
		{016D13E1-D0C2-439C-8198-F58C54FDF58E}.Release|Any CPU.Build.0 = Release|Any CPU
		{D2FC98D8-0C89-4D75-B054-78240A3FFA96}.Debug|Any CPU.ActiveCfg = Debug|Any CPU
		{D2FC98D8-0C89-4D75-B054-78240A3FFA96}.Debug|Any CPU.Build.0 = Debug|Any CPU
		{D2FC98D8-0C89-4D75-B054-78240A3FFA96}.Release|Any CPU.ActiveCfg = Release|Any CPU
		{D2FC98D8-0C89-4D75-B054-78240A3FFA96}.Release|Any CPU.Build.0 = Release|Any CPU
		{2B5EB452-9742-4405-89D4-5730DE4B7883}.Debug|Any CPU.ActiveCfg = Debug|Any CPU
		{2B5EB452-9742-4405-89D4-5730DE4B7883}.Debug|Any CPU.Build.0 = Debug|Any CPU
		{2B5EB452-9742-4405-89D4-5730DE4B7883}.Release|Any CPU.ActiveCfg = Release|Any CPU
		{2B5EB452-9742-4405-89D4-5730DE4B7883}.Release|Any CPU.Build.0 = Release|Any CPU
		{42C35F5B-9D36-45C2-A175-3032CC0407DC}.Debug|Any CPU.ActiveCfg = Debug|Any CPU
		{42C35F5B-9D36-45C2-A175-3032CC0407DC}.Debug|Any CPU.Build.0 = Debug|Any CPU
		{42C35F5B-9D36-45C2-A175-3032CC0407DC}.Release|Any CPU.ActiveCfg = Release|Any CPU
		{42C35F5B-9D36-45C2-A175-3032CC0407DC}.Release|Any CPU.Build.0 = Release|Any CPU
		{DBEDD92B-3742-4C69-BEDC-EF6491B5BFF4}.Debug|Any CPU.ActiveCfg = Debug|Any CPU
		{DBEDD92B-3742-4C69-BEDC-EF6491B5BFF4}.Debug|Any CPU.Build.0 = Debug|Any CPU
		{DBEDD92B-3742-4C69-BEDC-EF6491B5BFF4}.Release|Any CPU.ActiveCfg = Release|Any CPU
		{DBEDD92B-3742-4C69-BEDC-EF6491B5BFF4}.Release|Any CPU.Build.0 = Release|Any CPU
		{7D451295-10FD-4D9A-83EC-9E4664C50F81}.Debug|Any CPU.ActiveCfg = Debug|Any CPU
		{7D451295-10FD-4D9A-83EC-9E4664C50F81}.Debug|Any CPU.Build.0 = Debug|Any CPU
		{7D451295-10FD-4D9A-83EC-9E4664C50F81}.Release|Any CPU.ActiveCfg = Release|Any CPU
		{7D451295-10FD-4D9A-83EC-9E4664C50F81}.Release|Any CPU.Build.0 = Release|Any CPU
		{C3DAFF1F-2A57-4C40-AF3C-B1F93169B422}.Debug|Any CPU.ActiveCfg = Debug|Any CPU
		{C3DAFF1F-2A57-4C40-AF3C-B1F93169B422}.Debug|Any CPU.Build.0 = Debug|Any CPU
		{C3DAFF1F-2A57-4C40-AF3C-B1F93169B422}.Release|Any CPU.ActiveCfg = Release|Any CPU
		{C3DAFF1F-2A57-4C40-AF3C-B1F93169B422}.Release|Any CPU.Build.0 = Release|Any CPU
		{25E015DF-85E9-4A74-89C1-B404A60A0CF1}.Debug|Any CPU.ActiveCfg = Debug|Any CPU
		{25E015DF-85E9-4A74-89C1-B404A60A0CF1}.Debug|Any CPU.Build.0 = Debug|Any CPU
		{25E015DF-85E9-4A74-89C1-B404A60A0CF1}.Release|Any CPU.ActiveCfg = Release|Any CPU
		{25E015DF-85E9-4A74-89C1-B404A60A0CF1}.Release|Any CPU.Build.0 = Release|Any CPU
		{F1A9B61C-AA3B-4520-BDE3-4CEC960DA333}.Debug|Any CPU.ActiveCfg = Debug|Any CPU
		{F1A9B61C-AA3B-4520-BDE3-4CEC960DA333}.Debug|Any CPU.Build.0 = Debug|Any CPU
		{F1A9B61C-AA3B-4520-BDE3-4CEC960DA333}.Release|Any CPU.ActiveCfg = Release|Any CPU
		{F1A9B61C-AA3B-4520-BDE3-4CEC960DA333}.Release|Any CPU.Build.0 = Release|Any CPU
		{0E261EBE-BBB9-4BBF-98A6-BBCBED379EA0}.Debug|Any CPU.ActiveCfg = Debug|Any CPU
		{0E261EBE-BBB9-4BBF-98A6-BBCBED379EA0}.Debug|Any CPU.Build.0 = Debug|Any CPU
		{0E261EBE-BBB9-4BBF-98A6-BBCBED379EA0}.Release|Any CPU.ActiveCfg = Release|Any CPU
		{0E261EBE-BBB9-4BBF-98A6-BBCBED379EA0}.Release|Any CPU.Build.0 = Release|Any CPU
		{E058C1D7-A24B-44FA-8909-7E4923C65D81}.Debug|Any CPU.ActiveCfg = Debug|Any CPU
		{E058C1D7-A24B-44FA-8909-7E4923C65D81}.Debug|Any CPU.Build.0 = Debug|Any CPU
		{E058C1D7-A24B-44FA-8909-7E4923C65D81}.Release|Any CPU.ActiveCfg = Release|Any CPU
		{E058C1D7-A24B-44FA-8909-7E4923C65D81}.Release|Any CPU.Build.0 = Release|Any CPU
		{F14B4B9D-0F4C-4937-BD10-40FE07EED6BB}.Debug|Any CPU.ActiveCfg = Debug|Any CPU
		{F14B4B9D-0F4C-4937-BD10-40FE07EED6BB}.Debug|Any CPU.Build.0 = Debug|Any CPU
		{F14B4B9D-0F4C-4937-BD10-40FE07EED6BB}.Release|Any CPU.ActiveCfg = Release|Any CPU
		{F14B4B9D-0F4C-4937-BD10-40FE07EED6BB}.Release|Any CPU.Build.0 = Release|Any CPU
		{02A76761-5A17-4AA7-8EE7-8ADCFFA99BB6}.Debug|Any CPU.ActiveCfg = Debug|Any CPU
		{02A76761-5A17-4AA7-8EE7-8ADCFFA99BB6}.Debug|Any CPU.Build.0 = Debug|Any CPU
		{02A76761-5A17-4AA7-8EE7-8ADCFFA99BB6}.Release|Any CPU.ActiveCfg = Release|Any CPU
		{02A76761-5A17-4AA7-8EE7-8ADCFFA99BB6}.Release|Any CPU.Build.0 = Release|Any CPU
		{73C02F2C-2EF1-4F99-9A6B-A2CE53205D22}.Debug|Any CPU.ActiveCfg = Debug|Any CPU
		{73C02F2C-2EF1-4F99-9A6B-A2CE53205D22}.Debug|Any CPU.Build.0 = Debug|Any CPU
		{73C02F2C-2EF1-4F99-9A6B-A2CE53205D22}.Release|Any CPU.ActiveCfg = Release|Any CPU
		{73C02F2C-2EF1-4F99-9A6B-A2CE53205D22}.Release|Any CPU.Build.0 = Release|Any CPU
		{921D929D-9F9F-4204-B93E-90AA12BA5E5D}.Debug|Any CPU.ActiveCfg = Debug|Any CPU
		{921D929D-9F9F-4204-B93E-90AA12BA5E5D}.Debug|Any CPU.Build.0 = Debug|Any CPU
		{921D929D-9F9F-4204-B93E-90AA12BA5E5D}.Release|Any CPU.ActiveCfg = Release|Any CPU
		{921D929D-9F9F-4204-B93E-90AA12BA5E5D}.Release|Any CPU.Build.0 = Release|Any CPU
		{C28BA04A-C2CB-4425-81AE-91B5921726AD}.Debug|Any CPU.ActiveCfg = Debug|Any CPU
		{C28BA04A-C2CB-4425-81AE-91B5921726AD}.Debug|Any CPU.Build.0 = Debug|Any CPU
		{C28BA04A-C2CB-4425-81AE-91B5921726AD}.Release|Any CPU.ActiveCfg = Release|Any CPU
		{C28BA04A-C2CB-4425-81AE-91B5921726AD}.Release|Any CPU.Build.0 = Release|Any CPU
		{9C651654-4F5B-4CBB-AC49-D4FFE0815E7B}.Debug|Any CPU.ActiveCfg = Debug|Any CPU
		{9C651654-4F5B-4CBB-AC49-D4FFE0815E7B}.Debug|Any CPU.Build.0 = Debug|Any CPU
		{9C651654-4F5B-4CBB-AC49-D4FFE0815E7B}.Release|Any CPU.ActiveCfg = Release|Any CPU
		{9C651654-4F5B-4CBB-AC49-D4FFE0815E7B}.Release|Any CPU.Build.0 = Release|Any CPU
		{D0E510DC-4F82-4939-9917-C3262606C29C}.Debug|Any CPU.ActiveCfg = Debug|Any CPU
		{D0E510DC-4F82-4939-9917-C3262606C29C}.Debug|Any CPU.Build.0 = Debug|Any CPU
		{D0E510DC-4F82-4939-9917-C3262606C29C}.Release|Any CPU.ActiveCfg = Release|Any CPU
		{D0E510DC-4F82-4939-9917-C3262606C29C}.Release|Any CPU.Build.0 = Release|Any CPU
		{DCBAD6CB-33B5-41BA-A432-B9FF6E256107}.Debug|Any CPU.ActiveCfg = Debug|Any CPU
		{DCBAD6CB-33B5-41BA-A432-B9FF6E256107}.Debug|Any CPU.Build.0 = Debug|Any CPU
		{DCBAD6CB-33B5-41BA-A432-B9FF6E256107}.Release|Any CPU.ActiveCfg = Release|Any CPU
		{DCBAD6CB-33B5-41BA-A432-B9FF6E256107}.Release|Any CPU.Build.0 = Release|Any CPU
		{9B34EC30-7327-4CBC-89D9-47A8B7193D04}.Debug|Any CPU.ActiveCfg = Debug|Any CPU
		{9B34EC30-7327-4CBC-89D9-47A8B7193D04}.Debug|Any CPU.Build.0 = Debug|Any CPU
		{9B34EC30-7327-4CBC-89D9-47A8B7193D04}.Release|Any CPU.ActiveCfg = Release|Any CPU
		{9B34EC30-7327-4CBC-89D9-47A8B7193D04}.Release|Any CPU.Build.0 = Release|Any CPU
		{0B41AECB-0246-4D45-B800-9F15F60069C1}.Debug|Any CPU.ActiveCfg = Debug|Any CPU
		{0B41AECB-0246-4D45-B800-9F15F60069C1}.Debug|Any CPU.Build.0 = Debug|Any CPU
		{0B41AECB-0246-4D45-B800-9F15F60069C1}.Release|Any CPU.ActiveCfg = Release|Any CPU
		{0B41AECB-0246-4D45-B800-9F15F60069C1}.Release|Any CPU.Build.0 = Release|Any CPU
		{660E8D90-271E-43B0-9B93-D865A307A97C}.Debug|Any CPU.ActiveCfg = Debug|Any CPU
		{660E8D90-271E-43B0-9B93-D865A307A97C}.Debug|Any CPU.Build.0 = Debug|Any CPU
		{660E8D90-271E-43B0-9B93-D865A307A97C}.Release|Any CPU.ActiveCfg = Release|Any CPU
		{660E8D90-271E-43B0-9B93-D865A307A97C}.Release|Any CPU.Build.0 = Release|Any CPU
		{2EB660B0-BF4A-4018-972B-D9614172D0E3}.Debug|Any CPU.ActiveCfg = Debug|Any CPU
		{2EB660B0-BF4A-4018-972B-D9614172D0E3}.Debug|Any CPU.Build.0 = Debug|Any CPU
		{2EB660B0-BF4A-4018-972B-D9614172D0E3}.Release|Any CPU.ActiveCfg = Release|Any CPU
		{2EB660B0-BF4A-4018-972B-D9614172D0E3}.Release|Any CPU.Build.0 = Release|Any CPU
		{D2272372-3F9D-47AE-97D3-EF95D6B40525}.Debug|Any CPU.ActiveCfg = Debug|Any CPU
		{D2272372-3F9D-47AE-97D3-EF95D6B40525}.Debug|Any CPU.Build.0 = Debug|Any CPU
		{D2272372-3F9D-47AE-97D3-EF95D6B40525}.Release|Any CPU.ActiveCfg = Release|Any CPU
		{D2272372-3F9D-47AE-97D3-EF95D6B40525}.Release|Any CPU.Build.0 = Release|Any CPU
		{4878D5D7-48F4-4309-B284-FA186EF73085}.Debug|Any CPU.ActiveCfg = Debug|Any CPU
		{4878D5D7-48F4-4309-B284-FA186EF73085}.Debug|Any CPU.Build.0 = Debug|Any CPU
		{4878D5D7-48F4-4309-B284-FA186EF73085}.Release|Any CPU.ActiveCfg = Release|Any CPU
		{4878D5D7-48F4-4309-B284-FA186EF73085}.Release|Any CPU.Build.0 = Release|Any CPU
		{B2601A45-B582-4515-806B-441E1284699C}.Debug|Any CPU.ActiveCfg = Debug|Any CPU
		{B2601A45-B582-4515-806B-441E1284699C}.Debug|Any CPU.Build.0 = Debug|Any CPU
		{B2601A45-B582-4515-806B-441E1284699C}.Release|Any CPU.ActiveCfg = Release|Any CPU
		{B2601A45-B582-4515-806B-441E1284699C}.Release|Any CPU.Build.0 = Release|Any CPU
		{414ABDB7-75D2-49BB-99C0-EF4D51C3B0FA}.Debug|Any CPU.ActiveCfg = Debug|Any CPU
		{414ABDB7-75D2-49BB-99C0-EF4D51C3B0FA}.Debug|Any CPU.Build.0 = Debug|Any CPU
		{414ABDB7-75D2-49BB-99C0-EF4D51C3B0FA}.Release|Any CPU.ActiveCfg = Release|Any CPU
		{414ABDB7-75D2-49BB-99C0-EF4D51C3B0FA}.Release|Any CPU.Build.0 = Release|Any CPU
	EndGlobalSection
	GlobalSection(SolutionProperties) = preSolution
		HideSolutionNode = FALSE
	EndGlobalSection
	GlobalSection(ExtensibilityGlobals) = postSolution
		SolutionGuid = {871DFFB3-BE65-47B4-B6B1-181C3E344CC3}
	EndGlobalSection
EndGlobal
